// !$*UTF8*$!
{
	archiveVersion = 1;
	classes = {
	};
	objectVersion = 46;
	objects = {

/* Begin PBXBuildFile section */
		F67000000000000000000001 /* CrisisFeedTests.swift in Sources */ = {isa = PBXBuildFile; fileRef = E6B982942C9F5EFE00EFA8D4 /* CrisisFeedTests.swift */; };
		F67000000000000000000002 /* BennerCycleServiceTests.swift in Sources */ = {isa = PBXBuildFile; fileRef = A9AC6E6DCC5FEE66A1657EDC /* BennerCycleServiceTests.swift */; };
		F67000000000000000000003 /* CurrencyConverterTests.swift in Sources */ = {isa = PBXBuildFile; fileRef = D7CC25ECA1B6230C9BA90907 /* CurrencyConverterTests.swift */; };
		F67000000000000000000004 /* ConsultationFormViewModelTests.swift in Sources */ = {isa = PBXBuildFile; fileRef = E2D9137AF411F7D41CB19E6B /* ConsultationFormViewModelTests.swift */; };
		F67000000000000000000005 /* AdaptiveLayoutPolicyTests.swift in Sources */ = {isa = PBXBuildFile; fileRef = F65000000000000000000003 /* AdaptiveLayoutPolicyTests.swift */; };
		F67000000000000000000006 /* APILoadingTests.swift in Sources */ = {isa = PBXBuildFile; fileRef = F65000000000000000000004 /* APILoadingTests.swift */; };
		F67000000000000000000007 /* CrisisFeedTests.swift in Sources */ = {isa = PBXBuildFile; fileRef = E6B982942C9F5EFE00EFA8D4 /* CrisisFeedTests.swift */; };
		F67000000000000000000008 /* BennerCycleServiceTests.swift in Sources */ = {isa = PBXBuildFile; fileRef = A9AC6E6DCC5FEE66A1657EDC /* BennerCycleServiceTests.swift */; };
		F67000000000000000000009 /* CurrencyConverterTests.swift in Sources */ = {isa = PBXBuildFile; fileRef = D7CC25ECA1B6230C9BA90907 /* CurrencyConverterTests.swift */; };
		F6700000000000000000000A /* ConsultationFormViewModelTests.swift in Sources */ = {isa = PBXBuildFile; fileRef = E2D9137AF411F7D41CB19E6B /* ConsultationFormViewModelTests.swift */; };
		F6700000000000000000000B /* AdaptiveLayoutPolicyTests.swift in Sources */ = {isa = PBXBuildFile; fileRef = F65000000000000000000003 /* AdaptiveLayoutPolicyTests.swift */; };
		F6700000000000000000000C /* APILoadingTests.swift in Sources */ = {isa = PBXBuildFile; fileRef = F65000000000000000000004 /* APILoadingTests.swift */; };
		F6700000000000000000000D /* CrisisFeedTests.swift in Sources */ = {isa = PBXBuildFile; fileRef = E6B982942C9F5EFE00EFA8D4 /* CrisisFeedTests.swift */; };
		F6700000000000000000000E /* BennerCycleServiceTests.swift in Sources */ = {isa = PBXBuildFile; fileRef = A9AC6E6DCC5FEE66A1657EDC /* BennerCycleServiceTests.swift */; };
		F6700000000000000000000F /* CurrencyConverterTests.swift in Sources */ = {isa = PBXBuildFile; fileRef = D7CC25ECA1B6230C9BA90907 /* CurrencyConverterTests.swift */; };
		F67000000000000000000010 /* ConsultationFormViewModelTests.swift in Sources */ = {isa = PBXBuildFile; fileRef = E2D9137AF411F7D41CB19E6B /* ConsultationFormViewModelTests.swift */; };
		F67000000000000000000011 /* AdaptiveLayoutPolicyTests.swift in Sources */ = {isa = PBXBuildFile; fileRef = F65000000000000000000003 /* AdaptiveLayoutPolicyTests.swift */; };
		F67000000000000000000012 /* APILoadingTests.swift in Sources */ = {isa = PBXBuildFile; fileRef = F65000000000000000000004 /* APILoadingTests.swift */; };
		F68000000000000000000005 /* ContentViewPreview.swift in Sources */ = {isa = PBXBuildFile; fileRef = F68000000000000000000006 /* ContentViewPreview.swift */; };
		F65000000000000000000001 /* AdaptiveLayoutPolicyTests.swift in Sources */ = {isa = PBXBuildFile; fileRef = F65000000000000000000003 /* AdaptiveLayoutPolicyTests.swift */; };
		F65000000000000000000002 /* APILoadingTests.swift in Sources */ = {isa = PBXBuildFile; fileRef = F65000000000000000000004 /* APILoadingTests.swift */; };
		F62000000000000000000001 /* AdaptiveStack.swift in Sources */ = {isa = PBXBuildFile; fileRef = F60000000000000000000001 /* AdaptiveStack.swift */; };
		F62000000000000000000002 /* PlatformDashboardView.swift in Sources */ = {isa = PBXBuildFile; fileRef = F60000000000000000000002 /* PlatformDashboardView.swift */; };
		F62000000000000000000003 /* ConsultationPanelView.swift in Sources */ = {isa = PBXBuildFile; fileRef = F60000000000000000000003 /* ConsultationPanelView.swift */; };
		F62000000000000000000004 /* MacContentView.swift in Sources */ = {isa = PBXBuildFile; fileRef = F60000000000000000000004 /* MacContentView.swift */; };
		F62000000000000000000005 /* VisionContentView.swift in Sources */ = {isa = PBXBuildFile; fileRef = F60000000000000000000005 /* VisionContentView.swift */; };
		F62000000000000000000006 /* WatchContentView.swift in Sources */ = {isa = PBXBuildFile; fileRef = F60000000000000000000006 /* WatchContentView.swift */; };
		F62000000000000000000007 /* CRISISTahoeApp.swift in Sources */ = {isa = PBXBuildFile; fileRef = F60000000000000000000007 /* CRISISTahoeApp.swift */; };
		F62000000000000000000008 /* CRISISVisionApp.swift in Sources */ = {isa = PBXBuildFile; fileRef = F60000000000000000000008 /* CRISISVisionApp.swift */; };
		F62000000000000000000009 /* CRISISWatchApp.swift in Sources */ = {isa = PBXBuildFile; fileRef = F60000000000000000000009 /* CRISISWatchApp.swift */; };
		F5AA4C112CA11D6E00E3A1C1 /* SyncStatusBanner.swift in Sources */ = {isa = PBXBuildFile; fileRef = F5AA4C102CA11D6E00E3A1C1 /* SyncStatusBanner.swift */; };
		F5AA4C132CA11D8F00E3A1C1 /* PrivacyPolicyView.swift in Sources */ = {isa = PBXBuildFile; fileRef = F5AA4C122CA11D8F00E3A1C1 /* PrivacyPolicyView.swift */; };
		01964462257EDF68CCED9DAA /* Preview Content.xcassets in Resources */ = {isa = PBXBuildFile; fileRef = FECDABE89A019C2B5861345D /* Preview Content.xcassets */; };
		106D8C2819EB3D3F3A67AF83 /* AsyncState.swift in Sources */ = {isa = PBXBuildFile; fileRef = C6F4499AF37DA4F6D59FB979 /* AsyncState.swift */; };
		13FF4E194AF18A47906483F8 /* NotificationManager.swift in Sources */ = {isa = PBXBuildFile; fileRef = CA405C053E2B160760D7545B /* NotificationManager.swift */; };
		1B9D3939AFC48376C3FF0588 /* ContentView.swift in Sources */ = {isa = PBXBuildFile; fileRef = 3210A792E90E0A7C3807801B /* ContentView.swift */; };
		20294A5D7AB3FB7F8454F02E /* Charts.framework in Frameworks */ = {isa = PBXBuildFile; fileRef = 6E6AB215CC03BE99B4F11333 /* Charts.framework */; };
		21642D3232190EC72E7D0718 /* OverviewView.swift in Sources */ = {isa = PBXBuildFile; fileRef = 932DECAC21051C7C487FA3E2 /* OverviewView.swift */; };
		2498CF8D66F54C21B112ABA5 /* Foundation.framework in Frameworks */ = {isa = PBXBuildFile; fileRef = 0D624EFBBEAC6A70A8CC65A7 /* Foundation.framework */; };
		2976AE82FA0B3E81FC022794 /* MacroIndicatorService.swift in Sources */ = {isa = PBXBuildFile; fileRef = 86EEF8BB94CF0A7B09A60760 /* MacroIndicatorService.swift */; };
		29E59C2E8AB2F7258FB0E5F3 /* Theme.swift in Sources */ = {isa = PBXBuildFile; fileRef = 67BD4E9FC5219FCF55CADC0A /* Theme.swift */; };
		2D3618662F6E7B76296EB4F5 /* CrisisView.swift in Sources */ = {isa = PBXBuildFile; fileRef = 756A3D547F74D8747F36CEC8 /* CrisisView.swift */; };
		3AC1BEB9CB770A214EA68855 /* CrisisEvent.swift in Sources */ = {isa = PBXBuildFile; fileRef = A18761A9AC8E8D195D3E9B47 /* CrisisEvent.swift */; };
		3B60987029A81AD7814C4F6E /* MetalCard.swift in Sources */ = {isa = PBXBuildFile; fileRef = 06ABC094EDBC2CF47952C99C /* MetalCard.swift */; };
		44B0F170C2748EBFD78A4701 /* DashboardRepository.swift in Sources */ = {isa = PBXBuildFile; fileRef = 5ACB2EE4D8243D0A6C4740ED /* DashboardRepository.swift */; };
		5042C4D19A498B135562AFDD /* AsyncStateView.swift in Sources */ = {isa = PBXBuildFile; fileRef = CA2DF0D060038C26BF32CA41 /* AsyncStateView.swift */; };
		561D5298703B7D1FFA33635E /* PrimaryCTAButton.swift in Sources */ = {isa = PBXBuildFile; fileRef = C2BD1AEA35441F80EDBC857B /* PrimaryCTAButton.swift */; };
		5F8B6BB12F6D4E3F9CC9B4E5 /* LogoMark.swift in Sources */ = {isa = PBXBuildFile; fileRef = 34F5B8C7E1A64C1B9A1A3D7E /* LogoMark.swift */; };
		5AF26617904D1033018A6F9F /* BennerCycleView.swift in Sources */ = {isa = PBXBuildFile; fileRef = E1AF04761F3C2F8AAF0AC2B9 /* BennerCycleView.swift */; };
		69BE4F0ED8B41AD96CFAB7C5 /* UserNotifications.framework in Frameworks */ = {isa = PBXBuildFile; fileRef = DC199FB3D09F581E3D7D4F88 /* UserNotifications.framework */; };
		6F233A8033D277072438B147 /* LiquidGlass.swift in Sources */ = {isa = PBXBuildFile; fileRef = 1316F12548E728AC87A451AD /* LiquidGlass.swift */; };
		72C012A7C44BA846A12CE82E /* ComparisonView.swift in Sources */ = {isa = PBXBuildFile; fileRef = 6EBB195905BCB712A8E66313 /* ComparisonView.swift */; };
		831592B39948BCF6B40CC3AF /* SwiftUI.framework in Frameworks */ = {isa = PBXBuildFile; fileRef = 61C8785E139738DCA48C7B53 /* SwiftUI.framework */; };
		87FB7CD2DBB6A28B66C594AF /* Assets.xcassets in Resources */ = {isa = PBXBuildFile; fileRef = DED211DC8C2A0CDBC7C71277 /* Assets.xcassets */; };
		8951793C6E0EA1968F4064C3 /* MetalPriceService.swift in Sources */ = {isa = PBXBuildFile; fileRef = 8137B0ABF90A495D64FE4DF8 /* MetalPriceService.swift */; };
		8A3BCD86A1B134BA8472CB0B /* DisplayCurrency.swift in Sources */ = {isa = PBXBuildFile; fileRef = D5CC6E56A4A9E064A4C89FBE /* DisplayCurrency.swift */; };
		8E0A9F24871B19F2BF03ABD4 /* AppState.swift in Sources */ = {isa = PBXBuildFile; fileRef = 16CCB805849B18312345FD27 /* AppState.swift */; };
		90B55E90E6BCF1F6A891A5C1 /* BackgroundRefreshManager.swift in Sources */ = {isa = PBXBuildFile; fileRef = D5A4F3289569C7584F4D552E /* BackgroundRefreshManager.swift */; };
		95EEA4F36F93F978CA02A21E /* MetalsView.swift in Sources */ = {isa = PBXBuildFile; fileRef = 9B7AB8D048023CE48FE9A12E /* MetalsView.swift */; };
		976EF4CCDE9E3260B2899F5C /* ConsultationFormView.swift in Sources */ = {isa = PBXBuildFile; fileRef = DC40B4A4B6EC7840AADB8AB4 /* ConsultationFormView.swift */; };
		988C5AE2D0906C31A211BE1F /* ConsultationFormViewModel.swift in Sources */ = {isa = PBXBuildFile; fileRef = 9E61AB20C67BD6A5D9953B11 /* ConsultationFormViewModel.swift */; };
		962EFE2CA99011B28EC599C8 /* ConsultationView.swift in Sources */ = {isa = PBXBuildFile; fileRef = FB1D6CDEBCE4DFFB2F0B560E /* ConsultationView.swift */; };
		9B4F5FEC61BF556D9B2C19A7 /* BennerCyclePhase.swift in Sources */ = {isa = PBXBuildFile; fileRef = F2B407D4A9F2279DF0D9A01F /* BennerCyclePhase.swift */; };
		A1B26AA324F28C1D2D8C1EFA /* ToolbarStatusControl.swift in Sources */ = {isa = PBXBuildFile; fileRef = A1B26AA224F28C1D2D8C1EFA /* ToolbarStatusControl.swift */; };
		A7C8217C9F6814F1A9321CBA /* SettingsSheet.swift in Sources */ = {isa = PBXBuildFile; fileRef = A7C8217B9F6814F1A9321CBA /* SettingsSheet.swift */; };
		B6F31E83D7A0F4C4B30341AA /* AssetComparisonEngine.swift in Sources */ = {isa = PBXBuildFile; fileRef = B6F31E82D7A0F4C4B30341AA /* AssetComparisonEngine.swift */; };
		A5E012130E5E54EDA023731D /* HTTPClient.swift in Sources */ = {isa = PBXBuildFile; fileRef = 6126193F20B79928E336B32A /* HTTPClient.swift */; };
		AD47249CF4332EEDFCDF5C30 /* AppConfig.swift in Sources */ = {isa = PBXBuildFile; fileRef = CBB202283825D5EEEE6BA843 /* AppConfig.swift */; };
		ADE26232E88519008DE2C7C0 /* CRISISApp.swift in Sources */ = {isa = PBXBuildFile; fileRef = 40C8229FF889B06599889FED /* CRISISApp.swift */; };
		B1CA4B89AC1A95FCD934932F /* ConsultationService.swift in Sources */ = {isa = PBXBuildFile; fileRef = B3AF72F07A6B1C6C8A3F6A28 /* ConsultationService.swift */; };
		B5207DE87B210BB444314774 /* CrisisMonitorService.swift in Sources */ = {isa = PBXBuildFile; fileRef = 6090C3527069CC67168D75F0 /* CrisisMonitorService.swift */; };
		B5F20F81493231BCAE91A422 /* BennerCycleService.swift in Sources */ = {isa = PBXBuildFile; fileRef = C78F97A04D7E8CA2A8D6E403 /* BennerCycleService.swift */; };
		BF753BBDF0E65E8927E6958A /* MetricCard.swift in Sources */ = {isa = PBXBuildFile; fileRef = A54DE1B5EFB7D877B640A1C2 /* MetricCard.swift */; };
		7A2E57C5B1A64E7E9F3A9B2F /* BrilliantDiamondIcon.swift in Sources */ = {isa = PBXBuildFile; fileRef = 7A2E57C4B1A64E7E9F3A9B2F /* BrilliantDiamondIcon.swift */; };
		C662CD3FC57AD0855F2821F6 /* DashboardSnapshot.swift in Sources */ = {isa = PBXBuildFile; fileRef = 2AF9AE1D9DD225C2A46C6FDB /* DashboardSnapshot.swift */; };
		E7C1A12C2CA0FDCF0069E9E1 /* MacroChartInsightEngine.swift in Sources */ = {isa = PBXBuildFile; fileRef = E7C1A12B2CA0FDCF0069E9E1 /* MacroChartInsightEngine.swift */; };
		E7C1A12E2CA0FDCF0069E9E1 /* CrisisSummaryGenerator.swift in Sources */ = {isa = PBXBuildFile; fileRef = E7C1A12D2CA0FDCF0069E9E1 /* CrisisSummaryGenerator.swift */; };
		F2E8F2712C9F55D600CCDC5F /* NotificationOnboardingView.swift in Sources */ = {isa = PBXBuildFile; fileRef = F2E8F2702C9F55D600CCDC5F /* NotificationOnboardingView.swift */; };
		E6B982912C9F5D7F00EFA8D4 /* CrisisThresholds.swift in Sources */ = {isa = PBXBuildFile; fileRef = E6B982902C9F5D7F00EFA8D4 /* CrisisThresholds.swift */; };
		E6B982952C9F5EFE00EFA8D4 /* CrisisFeedTests.swift in Sources */ = {isa = PBXBuildFile; fileRef = E6B982942C9F5EFE00EFA8D4 /* CrisisFeedTests.swift */; };
		E84B88F41893339C93DB7329 /* ExchangeRateService.swift in Sources */ = {isa = PBXBuildFile; fileRef = E84B88F31893339C93DB7329 /* ExchangeRateService.swift */; };
		C1CEDCF7C05E5E7A7CB2D61E /* BennerCycleServiceTests.swift in Sources */ = {isa = PBXBuildFile; fileRef = A9AC6E6DCC5FEE66A1657EDC /* BennerCycleServiceTests.swift */; };
		D7CC25EDA1B6230C9BA90907 /* CurrencyConverterTests.swift in Sources */ = {isa = PBXBuildFile; fileRef = D7CC25ECA1B6230C9BA90907 /* CurrencyConverterTests.swift */; };
		E2D9137BF411F7D41CB19E6B /* ConsultationFormViewModelTests.swift in Sources */ = {isa = PBXBuildFile; fileRef = E2D9137AF411F7D41CB19E6B /* ConsultationFormViewModelTests.swift */; };
		CA5D8141306DE7B128199721 /* MetalAsset.swift in Sources */ = {isa = PBXBuildFile; fileRef = 05012142113DBB560C687635 /* MetalAsset.swift */; };
		CD992FE1A17CE63A902FDA94 /* DashboardSection.swift in Sources */ = {isa = PBXBuildFile; fileRef = F973AB3375CF3856D42A0B76 /* DashboardSection.swift */; };
		E8723C7944C2F2898A54486E /* BackgroundTasks.framework in Frameworks */ = {isa = PBXBuildFile; fileRef = AB06057FA458C0237615DD23 /* BackgroundTasks.framework */; };
		F0866BAA76D16387AF80AEEA /* MacroIndicator.swift in Sources */ = {isa = PBXBuildFile; fileRef = EE381FE29E9F9E8463DAFA9F /* MacroIndicator.swift */; };
		FAAD8CC003F33FBB6B379D94 /* DashboardCache.swift in Sources */ = {isa = PBXBuildFile; fileRef = DE1A853C472FCB44436C27D7 /* DashboardCache.swift */; };
		F8A7DA22DA3E6E4291E63889 /* CurrencySettings.swift in Sources */ = {isa = PBXBuildFile; fileRef = F8A7DA21DA3E6E4291E63889 /* CurrencySettings.swift */; };
		FFFB8E77F49B801181B8FEAA /* MockData.swift in Sources */ = {isa = PBXBuildFile; fileRef = BDBC564B4244F3139DF6FC1A /* MockData.swift */; };
/* End PBXBuildFile section */

/* Begin PBXContainerItemProxy section */
		F66500000000000000000001 /* PBXContainerItemProxy */ = {
			isa = PBXContainerItemProxy;
			containerPortal = A7072653FA7D019007BD0FE5 /* Project object */;
			proxyType = 1;
			remoteGlobalIDString = F61000000000000000000001;
			remoteInfo = CRISISTahoe;
		};
		F66500000000000000000002 /* PBXContainerItemProxy */ = {
			isa = PBXContainerItemProxy;
			containerPortal = A7072653FA7D019007BD0FE5 /* Project object */;
			proxyType = 1;
			remoteGlobalIDString = F61000000000000000000002;
			remoteInfo = CRISISVision;
		};
		F66500000000000000000003 /* PBXContainerItemProxy */ = {
			isa = PBXContainerItemProxy;
			containerPortal = A7072653FA7D019007BD0FE5 /* Project object */;
			proxyType = 1;
			remoteGlobalIDString = F61000000000000000000003;
			remoteInfo = CRISISWatch;
		};
		F6800000000000000000000A /* PBXContainerItemProxy */ = {
			isa = PBXContainerItemProxy;
			containerPortal = A7072653FA7D019007BD0FE5 /* Project object */;
			proxyType = 1;
			remoteGlobalIDString = 8BD61DE3DBC24CEB427EE4D3;
			remoteInfo = CRISIS;
		};
		E6B9829F2C9F5EFE00EFA8D4 /* PBXContainerItemProxy */ = {
			isa = PBXContainerItemProxy;
			containerPortal = A7072653FA7D019007BD0FE5 /* Project object */;
			proxyType = 1;
			remoteGlobalIDString = 8BD61DE3DBC24CEB427EE4D3;
			remoteInfo = CRISIS;
		};
/* End PBXContainerItemProxy section */

/* Begin PBXFileReference section */
		F65000000000000000000003 /* AdaptiveLayoutPolicyTests.swift */ = {isa = PBXFileReference; lastKnownFileType = sourcecode.swift; path = AdaptiveLayoutPolicyTests.swift; sourceTree = "<group>"; };
		F65000000000000000000004 /* APILoadingTests.swift */ = {isa = PBXFileReference; lastKnownFileType = sourcecode.swift; path = APILoadingTests.swift; sourceTree = "<group>"; };
		F68000000000000000000006 /* ContentViewPreview.swift */ = {isa = PBXFileReference; lastKnownFileType = sourcecode.swift; path = ContentViewPreview.swift; sourceTree = "<group>"; };
		F60000000000000000000001 /* AdaptiveStack.swift */ = {isa = PBXFileReference; lastKnownFileType = sourcecode.swift; name = AdaptiveStack.swift; path = AdaptiveStack.swift; sourceTree = "<group>"; };
		F60000000000000000000002 /* PlatformDashboardView.swift */ = {isa = PBXFileReference; lastKnownFileType = sourcecode.swift; name = PlatformDashboardView.swift; path = PlatformDashboardView.swift; sourceTree = "<group>"; };
		F60000000000000000000003 /* ConsultationPanelView.swift */ = {isa = PBXFileReference; lastKnownFileType = sourcecode.swift; name = ConsultationPanelView.swift; path = ConsultationPanelView.swift; sourceTree = "<group>"; };
		F60000000000000000000004 /* MacContentView.swift */ = {isa = PBXFileReference; lastKnownFileType = sourcecode.swift; name = MacContentView.swift; path = MacContentView.swift; sourceTree = "<group>"; };
		F60000000000000000000005 /* VisionContentView.swift */ = {isa = PBXFileReference; lastKnownFileType = sourcecode.swift; name = VisionContentView.swift; path = VisionContentView.swift; sourceTree = "<group>"; };
		F60000000000000000000006 /* WatchContentView.swift */ = {isa = PBXFileReference; lastKnownFileType = sourcecode.swift; name = WatchContentView.swift; path = WatchContentView.swift; sourceTree = "<group>"; };
		F60000000000000000000007 /* CRISISTahoeApp.swift */ = {isa = PBXFileReference; lastKnownFileType = sourcecode.swift; name = CRISISTahoeApp.swift; path = CRISISTahoeApp.swift; sourceTree = "<group>"; };
		F60000000000000000000008 /* CRISISVisionApp.swift */ = {isa = PBXFileReference; lastKnownFileType = sourcecode.swift; name = CRISISVisionApp.swift; path = CRISISVisionApp.swift; sourceTree = "<group>"; };
		F60000000000000000000009 /* CRISISWatchApp.swift */ = {isa = PBXFileReference; lastKnownFileType = sourcecode.swift; name = CRISISWatchApp.swift; path = CRISISWatchApp.swift; sourceTree = "<group>"; };
		F6000000000000000000000A /* CRISISTahoe.app */ = {isa = PBXFileReference; explicitFileType = wrapper.application; includeInIndex = 0; path = CRISISTahoe.app; sourceTree = BUILT_PRODUCTS_DIR; };
		F6000000000000000000000B /* CRISISVision.app */ = {isa = PBXFileReference; explicitFileType = wrapper.application; includeInIndex = 0; path = CRISISVision.app; sourceTree = BUILT_PRODUCTS_DIR; };
		F6000000000000000000000C /* CRISISWatch.app */ = {isa = PBXFileReference; explicitFileType = wrapper.application; includeInIndex = 0; path = CRISISWatch.app; sourceTree = BUILT_PRODUCTS_DIR; };
		F66400000000000000000001 /* CRISISTahoeTests.xctest */ = {isa = PBXFileReference; explicitFileType = wrapper.cfbundle; includeInIndex = 0; path = CRISISTahoeTests.xctest; sourceTree = BUILT_PRODUCTS_DIR; };
		F66400000000000000000002 /* CRISISVisionTests.xctest */ = {isa = PBXFileReference; explicitFileType = wrapper.cfbundle; includeInIndex = 0; path = CRISISVisionTests.xctest; sourceTree = BUILT_PRODUCTS_DIR; };
		F66400000000000000000003 /* CRISISWatchTests.xctest */ = {isa = PBXFileReference; explicitFileType = wrapper.cfbundle; includeInIndex = 0; path = CRISISWatchTests.xctest; sourceTree = BUILT_PRODUCTS_DIR; };
		F68000000000000000000008 /* CRISISPreviews.xctest */ = {isa = PBXFileReference; explicitFileType = wrapper.cfbundle; includeInIndex = 0; path = CRISISPreviews.xctest; sourceTree = BUILT_PRODUCTS_DIR; };
		F5AA4C102CA11D6E00E3A1C1 /* SyncStatusBanner.swift */ = {isa = PBXFileReference; lastKnownFileType = sourcecode.swift; name = SyncStatusBanner.swift; path = SyncStatusBanner.swift; sourceTree = "<group>"; };
		F5AA4C122CA11D8F00E3A1C1 /* PrivacyPolicyView.swift */ = {isa = PBXFileReference; lastKnownFileType = sourcecode.swift; name = PrivacyPolicyView.swift; path = PrivacyPolicyView.swift; sourceTree = "<group>"; };
		05012142113DBB560C687635 /* MetalAsset.swift */ = {isa = PBXFileReference; includeInIndex = 1; lastKnownFileType = sourcecode.swift; name = MetalAsset.swift; path = MetalAsset.swift; sourceTree = "<group>"; };
		06ABC094EDBC2CF47952C99C /* MetalCard.swift */ = {isa = PBXFileReference; includeInIndex = 1; lastKnownFileType = sourcecode.swift; name = MetalCard.swift; path = MetalCard.swift; sourceTree = "<group>"; };
		0D624EFBBEAC6A70A8CC65A7 /* Foundation.framework */ = {isa = PBXFileReference; lastKnownFileType = wrapper.framework; name = Foundation.framework; path = Foundation.framework; sourceTree = DEVELOPER_DIR; };
		1316F12548E728AC87A451AD /* LiquidGlass.swift */ = {isa = PBXFileReference; includeInIndex = 1; lastKnownFileType = sourcecode.swift; name = LiquidGlass.swift; path = LiquidGlass.swift; sourceTree = "<group>"; };
		16CCB805849B18312345FD27 /* AppState.swift */ = {isa = PBXFileReference; includeInIndex = 1; lastKnownFileType = sourcecode.swift; name = AppState.swift; path = AppState.swift; sourceTree = "<group>"; };
		2AF9AE1D9DD225C2A46C6FDB /* DashboardSnapshot.swift */ = {isa = PBXFileReference; includeInIndex = 1; lastKnownFileType = sourcecode.swift; name = DashboardSnapshot.swift; path = DashboardSnapshot.swift; sourceTree = "<group>"; };
		3210A792E90E0A7C3807801B /* ContentView.swift */ = {isa = PBXFileReference; includeInIndex = 1; lastKnownFileType = sourcecode.swift; name = ContentView.swift; path = ContentView.swift; sourceTree = "<group>"; };
		34F5B8C7E1A64C1B9A1A3D7E /* LogoMark.swift */ = {isa = PBXFileReference; includeInIndex = 1; lastKnownFileType = sourcecode.swift; name = LogoMark.swift; path = LogoMark.swift; sourceTree = "<group>"; };
		353183EBB39C30CF147F5E8B /* CRISIS.app */ = {isa = PBXFileReference; explicitFileType = wrapper.application; includeInIndex = 0; path = CRISIS.app; sourceTree = BUILT_PRODUCTS_DIR; };
		40C8229FF889B06599889FED /* CRISISApp.swift */ = {isa = PBXFileReference; includeInIndex = 1; lastKnownFileType = sourcecode.swift; name = CRISISApp.swift; path = CRISISApp.swift; sourceTree = "<group>"; };
		5ACB2EE4D8243D0A6C4740ED /* DashboardRepository.swift */ = {isa = PBXFileReference; includeInIndex = 1; lastKnownFileType = sourcecode.swift; name = DashboardRepository.swift; path = DashboardRepository.swift; sourceTree = "<group>"; };
		6090C3527069CC67168D75F0 /* CrisisMonitorService.swift */ = {isa = PBXFileReference; includeInIndex = 1; lastKnownFileType = sourcecode.swift; name = CrisisMonitorService.swift; path = CrisisMonitorService.swift; sourceTree = "<group>"; };
		6126193F20B79928E336B32A /* HTTPClient.swift */ = {isa = PBXFileReference; includeInIndex = 1; lastKnownFileType = sourcecode.swift; name = HTTPClient.swift; path = HTTPClient.swift; sourceTree = "<group>"; };
		61C8785E139738DCA48C7B53 /* SwiftUI.framework */ = {isa = PBXFileReference; lastKnownFileType = wrapper.framework; name = SwiftUI.framework; path = SwiftUI.framework; sourceTree = DEVELOPER_DIR; };
		67BD4E9FC5219FCF55CADC0A /* Theme.swift */ = {isa = PBXFileReference; includeInIndex = 1; lastKnownFileType = sourcecode.swift; name = Theme.swift; path = Theme.swift; sourceTree = "<group>"; };
		6E6AB215CC03BE99B4F11333 /* Charts.framework */ = {isa = PBXFileReference; lastKnownFileType = wrapper.framework; name = Charts.framework; path = Charts.framework; sourceTree = DEVELOPER_DIR; };
		6EBB195905BCB712A8E66313 /* ComparisonView.swift */ = {isa = PBXFileReference; includeInIndex = 1; lastKnownFileType = sourcecode.swift; name = ComparisonView.swift; path = ComparisonView.swift; sourceTree = "<group>"; };
		756A3D547F74D8747F36CEC8 /* CrisisView.swift */ = {isa = PBXFileReference; includeInIndex = 1; lastKnownFileType = sourcecode.swift; name = CrisisView.swift; path = CrisisView.swift; sourceTree = "<group>"; };
		8137B0ABF90A495D64FE4DF8 /* MetalPriceService.swift */ = {isa = PBXFileReference; includeInIndex = 1; lastKnownFileType = sourcecode.swift; name = MetalPriceService.swift; path = MetalPriceService.swift; sourceTree = "<group>"; };
		86EEF8BB94CF0A7B09A60760 /* MacroIndicatorService.swift */ = {isa = PBXFileReference; includeInIndex = 1; lastKnownFileType = sourcecode.swift; name = MacroIndicatorService.swift; path = MacroIndicatorService.swift; sourceTree = "<group>"; };
		932DECAC21051C7C487FA3E2 /* OverviewView.swift */ = {isa = PBXFileReference; includeInIndex = 1; lastKnownFileType = sourcecode.swift; name = OverviewView.swift; path = OverviewView.swift; sourceTree = "<group>"; };
		9B7AB8D048023CE48FE9A12E /* MetalsView.swift */ = {isa = PBXFileReference; includeInIndex = 1; lastKnownFileType = sourcecode.swift; name = MetalsView.swift; path = MetalsView.swift; sourceTree = "<group>"; };
		A18761A9AC8E8D195D3E9B47 /* CrisisEvent.swift */ = {isa = PBXFileReference; includeInIndex = 1; lastKnownFileType = sourcecode.swift; name = CrisisEvent.swift; path = CrisisEvent.swift; sourceTree = "<group>"; };
		A27AF7A2B67E3562ED7B4A05 /* Info.plist */ = {isa = PBXFileReference; includeInIndex = 1; lastKnownFileType = text.plist.xml; name = Info.plist; path = Info.plist; sourceTree = "<group>"; };
		A54DE1B5EFB7D877B640A1C2 /* MetricCard.swift */ = {isa = PBXFileReference; includeInIndex = 1; lastKnownFileType = sourcecode.swift; name = MetricCard.swift; path = MetricCard.swift; sourceTree = "<group>"; };
		7A2E57C4B1A64E7E9F3A9B2F /* BrilliantDiamondIcon.swift */ = {isa = PBXFileReference; includeInIndex = 1; lastKnownFileType = sourcecode.swift; name = BrilliantDiamondIcon.swift; path = BrilliantDiamondIcon.swift; sourceTree = "<group>"; };
		AB06057FA458C0237615DD23 /* BackgroundTasks.framework */ = {isa = PBXFileReference; lastKnownFileType = wrapper.framework; name = BackgroundTasks.framework; path = BackgroundTasks.framework; sourceTree = DEVELOPER_DIR; };
		BDBC564B4244F3139DF6FC1A /* MockData.swift */ = {isa = PBXFileReference; includeInIndex = 1; lastKnownFileType = sourcecode.swift; name = MockData.swift; path = MockData.swift; sourceTree = "<group>"; };
		C2BD1AEA35441F80EDBC857B /* PrimaryCTAButton.swift */ = {isa = PBXFileReference; includeInIndex = 1; lastKnownFileType = sourcecode.swift; name = PrimaryCTAButton.swift; path = PrimaryCTAButton.swift; sourceTree = "<group>"; };
		C6F4499AF37DA4F6D59FB979 /* AsyncState.swift */ = {isa = PBXFileReference; includeInIndex = 1; lastKnownFileType = sourcecode.swift; name = AsyncState.swift; path = AsyncState.swift; sourceTree = "<group>"; };
		CA2DF0D060038C26BF32CA41 /* AsyncStateView.swift */ = {isa = PBXFileReference; includeInIndex = 1; lastKnownFileType = sourcecode.swift; name = AsyncStateView.swift; path = AsyncStateView.swift; sourceTree = "<group>"; };
		CA405C053E2B160760D7545B /* NotificationManager.swift */ = {isa = PBXFileReference; includeInIndex = 1; lastKnownFileType = sourcecode.swift; name = NotificationManager.swift; path = NotificationManager.swift; sourceTree = "<group>"; };
		CBB202283825D5EEEE6BA843 /* AppConfig.swift */ = {isa = PBXFileReference; includeInIndex = 1; lastKnownFileType = sourcecode.swift; name = AppConfig.swift; path = AppConfig.swift; sourceTree = "<group>"; };
		E6B982902C9F5D7F00EFA8D4 /* CrisisThresholds.swift */ = {isa = PBXFileReference; lastKnownFileType = sourcecode.swift; name = CrisisThresholds.swift; path = CrisisThresholds.swift; sourceTree = "<group>"; };
		E6B982942C9F5EFE00EFA8D4 /* CrisisFeedTests.swift */ = {isa = PBXFileReference; lastKnownFileType = sourcecode.swift; path = CrisisFeedTests.swift; sourceTree = "<group>"; };
		E6B982972C9F5EFE00EFA8D4 /* CRISISTests.xctest */ = {isa = PBXFileReference; explicitFileType = wrapper.cfbundle; includeInIndex = 0; path = CRISISTests.xctest; sourceTree = BUILT_PRODUCTS_DIR; };
		E7C1A12B2CA0FDCF0069E9E1 /* MacroChartInsightEngine.swift */ = {isa = PBXFileReference; lastKnownFileType = sourcecode.swift; name = MacroChartInsightEngine.swift; path = MacroChartInsightEngine.swift; sourceTree = "<group>"; };
		E7C1A12D2CA0FDCF0069E9E1 /* CrisisSummaryGenerator.swift */ = {isa = PBXFileReference; lastKnownFileType = sourcecode.swift; name = CrisisSummaryGenerator.swift; path = CrisisSummaryGenerator.swift; sourceTree = "<group>"; };
		D5A4F3289569C7584F4D552E /* BackgroundRefreshManager.swift */ = {isa = PBXFileReference; includeInIndex = 1; lastKnownFileType = sourcecode.swift; name = BackgroundRefreshManager.swift; path = BackgroundRefreshManager.swift; sourceTree = "<group>"; };
		DC199FB3D09F581E3D7D4F88 /* UserNotifications.framework */ = {isa = PBXFileReference; lastKnownFileType = wrapper.framework; name = UserNotifications.framework; path = UserNotifications.framework; sourceTree = DEVELOPER_DIR; };
		DE1A853C472FCB44436C27D7 /* DashboardCache.swift */ = {isa = PBXFileReference; includeInIndex = 1; lastKnownFileType = sourcecode.swift; name = DashboardCache.swift; path = DashboardCache.swift; sourceTree = "<group>"; };
		DED211DC8C2A0CDBC7C71277 /* Assets.xcassets */ = {isa = PBXFileReference; includeInIndex = 1; lastKnownFileType = folder.assetcatalog; name = Assets.xcassets; path = Assets.xcassets; sourceTree = "<group>"; };
		EE381FE29E9F9E8463DAFA9F /* MacroIndicator.swift */ = {isa = PBXFileReference; includeInIndex = 1; lastKnownFileType = sourcecode.swift; name = MacroIndicator.swift; path = MacroIndicator.swift; sourceTree = "<group>"; };
		F973AB3375CF3856D42A0B76 /* DashboardSection.swift */ = {isa = PBXFileReference; includeInIndex = 1; lastKnownFileType = sourcecode.swift; name = DashboardSection.swift; path = DashboardSection.swift; sourceTree = "<group>"; };
		F2E8F2702C9F55D600CCDC5F /* NotificationOnboardingView.swift */ = {isa = PBXFileReference; lastKnownFileType = sourcecode.swift; name = NotificationOnboardingView.swift; path = NotificationOnboardingView.swift; sourceTree = "<group>"; };
		F2B407D4A9F2279DF0D9A01F /* BennerCyclePhase.swift */ = {isa = PBXFileReference; lastKnownFileType = sourcecode.swift; name = BennerCyclePhase.swift; path = CRISIS/Models/BennerCyclePhase.swift; sourceTree = SOURCE_ROOT; };
		D5CC6E56A4A9E064A4C89FBE /* DisplayCurrency.swift */ = {isa = PBXFileReference; lastKnownFileType = sourcecode.swift; name = DisplayCurrency.swift; path = CRISIS/Models/DisplayCurrency.swift; sourceTree = SOURCE_ROOT; };
		F8A7DA21DA3E6E4291E63889 /* CurrencySettings.swift */ = {isa = PBXFileReference; lastKnownFileType = sourcecode.swift; name = CurrencySettings.swift; path = CRISIS/App/CurrencySettings.swift; sourceTree = SOURCE_ROOT; };
		E84B88F31893339C93DB7329 /* ExchangeRateService.swift */ = {isa = PBXFileReference; lastKnownFileType = sourcecode.swift; name = ExchangeRateService.swift; path = CRISIS/Services/ExchangeRateService.swift; sourceTree = SOURCE_ROOT; };
		D7CC25ECA1B6230C9BA90907 /* CurrencyConverterTests.swift */ = {isa = PBXFileReference; lastKnownFileType = sourcecode.swift; path = CurrencyConverterTests.swift; sourceTree = "<group>"; };
		E2D9137AF411F7D41CB19E6B /* ConsultationFormViewModelTests.swift */ = {isa = PBXFileReference; lastKnownFileType = sourcecode.swift; path = ConsultationFormViewModelTests.swift; sourceTree = "<group>"; };
		FB1D6CDEBCE4DFFB2F0B560E /* ConsultationView.swift */ = {isa = PBXFileReference; includeInIndex = 1; lastKnownFileType = sourcecode.swift; name = ConsultationView.swift; path = ConsultationView.swift; sourceTree = "<group>"; };
		FECDABE89A019C2B5861345D /* Preview Content.xcassets */ = {isa = PBXFileReference; includeInIndex = 1; lastKnownFileType = folder.assetcatalog; name = "Preview Content.xcassets"; path = "Preview Content.xcassets"; sourceTree = "<group>"; };
		9E61AB20C67BD6A5D9953B11 /* ConsultationFormViewModel.swift */ = {isa = PBXFileReference; lastKnownFileType = sourcecode.swift; name = ConsultationFormViewModel.swift; path = CRISIS/Features/Consultation/ConsultationFormViewModel.swift; sourceTree = SOURCE_ROOT; };
		DC40B4A4B6EC7840AADB8AB4 /* ConsultationFormView.swift */ = {isa = PBXFileReference; lastKnownFileType = sourcecode.swift; name = ConsultationFormView.swift; path = CRISIS/Features/Consultation/ConsultationFormView.swift; sourceTree = SOURCE_ROOT; };
		E1AF04761F3C2F8AAF0AC2B9 /* BennerCycleView.swift */ = {isa = PBXFileReference; lastKnownFileType = sourcecode.swift; name = BennerCycleView.swift; path = CRISIS/Features/Overview/BennerCycleView.swift; sourceTree = SOURCE_ROOT; };
		B3AF72F07A6B1C6C8A3F6A28 /* ConsultationService.swift */ = {isa = PBXFileReference; lastKnownFileType = sourcecode.swift; name = ConsultationService.swift; path = CRISIS/Services/ConsultationService.swift; sourceTree = SOURCE_ROOT; };
		C78F97A04D7E8CA2A8D6E403 /* BennerCycleService.swift */ = {isa = PBXFileReference; lastKnownFileType = sourcecode.swift; name = BennerCycleService.swift; path = CRISIS/Services/BennerCycleService.swift; sourceTree = SOURCE_ROOT; };
		A9AC6E6DCC5FEE66A1657EDC /* BennerCycleServiceTests.swift */ = {isa = PBXFileReference; lastKnownFileType = sourcecode.swift; path = BennerCycleServiceTests.swift; sourceTree = "<group>"; };
		A1B26AA224F28C1D2D8C1EFA /* ToolbarStatusControl.swift */ = {isa = PBXFileReference; lastKnownFileType = sourcecode.swift; name = ToolbarStatusControl.swift; path = CRISIS/Shared/Components/ToolbarStatusControl.swift; sourceTree = SOURCE_ROOT; };
		A7C8217B9F6814F1A9321CBA /* SettingsSheet.swift */ = {isa = PBXFileReference; lastKnownFileType = sourcecode.swift; name = SettingsSheet.swift; path = CRISIS/App/SettingsSheet.swift; sourceTree = SOURCE_ROOT; };
		B6F31E82D7A0F4C4B30341AA /* AssetComparisonEngine.swift */ = {isa = PBXFileReference; lastKnownFileType = sourcecode.swift; name = AssetComparisonEngine.swift; path = CRISIS/Features/Comparison/AssetComparisonEngine.swift; sourceTree = SOURCE_ROOT; };
/* End PBXFileReference section */

/* Begin PBXFrameworksBuildPhase section */
	ACA5F0D9230EC4520449F1C2 /* Frameworks */ = {
		isa = PBXFrameworksBuildPhase;
		buildActionMask = 2147483647;
		files = (
			2498CF8D66F54C21B112ABA5 /* Foundation.framework in Frameworks */,
			831592B39948BCF6B40CC3AF /* SwiftUI.framework in Frameworks */,
			20294A5D7AB3FB7F8454F02E /* Charts.framework in Frameworks */,
			E8723C7944C2F2898A54486E /* BackgroundTasks.framework in Frameworks */,
			69BE4F0ED8B41AD96CFAB7C5 /* UserNotifications.framework in Frameworks */,
		);
		runOnlyForDeploymentPostprocessing = 0;
	};
		F61100000000000000000002 /* Frameworks */ = {
			isa = PBXFrameworksBuildPhase;
			buildActionMask = 2147483647;
			files = (
				2498CF8D66F54C21B112ABA5 /* Foundation.framework in Frameworks */,
				831592B39948BCF6B40CC3AF /* SwiftUI.framework in Frameworks */,
				69BE4F0ED8B41AD96CFAB7C5 /* UserNotifications.framework in Frameworks */,
			);
			runOnlyForDeploymentPostprocessing = 0;
		};
		F61100000000000000000005 /* Frameworks */ = {
			isa = PBXFrameworksBuildPhase;
			buildActionMask = 2147483647;
			files = (
				2498CF8D66F54C21B112ABA5 /* Foundation.framework in Frameworks */,
				831592B39948BCF6B40CC3AF /* SwiftUI.framework in Frameworks */,
				69BE4F0ED8B41AD96CFAB7C5 /* UserNotifications.framework in Frameworks */,
			);
			runOnlyForDeploymentPostprocessing = 0;
		};
	F61100000000000000000008 /* Frameworks */ = {
		isa = PBXFrameworksBuildPhase;
		buildActionMask = 2147483647;
		files = (
			2498CF8D66F54C21B112ABA5 /* Foundation.framework in Frameworks */,
			831592B39948BCF6B40CC3AF /* SwiftUI.framework in Frameworks */,
			69BE4F0ED8B41AD96CFAB7C5 /* UserNotifications.framework in Frameworks */,
		);
		runOnlyForDeploymentPostprocessing = 0;
	};
		F66100000000000000000002 /* Frameworks */ = {
			isa = PBXFrameworksBuildPhase;
			buildActionMask = 2147483647;
			files = (
			);
			runOnlyForDeploymentPostprocessing = 0;
		};
		F66100000000000000000005 /* Frameworks */ = {
			isa = PBXFrameworksBuildPhase;
			buildActionMask = 2147483647;
			files = (
			);
			runOnlyForDeploymentPostprocessing = 0;
		};
		F66100000000000000000008 /* Frameworks */ = {
			isa = PBXFrameworksBuildPhase;
			buildActionMask = 2147483647;
			files = (
			);
			runOnlyForDeploymentPostprocessing = 0;
		};
		F68000000000000000000003 /* Frameworks */ = {
			isa = PBXFrameworksBuildPhase;
			buildActionMask = 2147483647;
			files = (
			);
			runOnlyForDeploymentPostprocessing = 0;
		};
	E6B982982C9F5EFE00EFA8D4 /* Frameworks */ = {
		isa = PBXFrameworksBuildPhase;
		buildActionMask = 2147483647;
		files = (
		);
			runOnlyForDeploymentPostprocessing = 0;
		};
/* End PBXFrameworksBuildPhase section */

/* Begin PBXGroup section */
		12E9DF001AE5DF89362CC91C /* Metals */ = {
			isa = PBXGroup;
			children = (
				9B7AB8D048023CE48FE9A12E /* MetalsView.swift */,
			);
			name = Metals;
			path = Metals;
			sourceTree = "<group>";
		};
		171F8E6CEBD413AC6A010350 /* Crisis */ = {
			isa = PBXGroup;
			children = (
				756A3D547F74D8747F36CEC8 /* CrisisView.swift */,
			);
			name = Crisis;
			path = Crisis;
			sourceTree = "<group>";
		};
		5A9D6B971FFC94C0B55EA48D /* Services */ = {
			isa = PBXGroup;
			children = (
				6090C3527069CC67168D75F0 /* CrisisMonitorService.swift */,
				5ACB2EE4D8243D0A6C4740ED /* DashboardRepository.swift */,
				C78F97A04D7E8CA2A8D6E403 /* BennerCycleService.swift */,
				B3AF72F07A6B1C6C8A3F6A28 /* ConsultationService.swift */,
				E84B88F31893339C93DB7329 /* ExchangeRateService.swift */,
				6126193F20B79928E336B32A /* HTTPClient.swift */,
				86EEF8BB94CF0A7B09A60760 /* MacroIndicatorService.swift */,
				8137B0ABF90A495D64FE4DF8 /* MetalPriceService.swift */,
				D5A4F3289569C7584F4D552E /* BackgroundRefreshManager.swift */,
				DE1A853C472FCB44436C27D7 /* DashboardCache.swift */,
				CA405C053E2B160760D7545B /* NotificationManager.swift */,
				E7C1A12B2CA0FDCF0069E9E1 /* MacroChartInsightEngine.swift */,
				E7C1A12D2CA0FDCF0069E9E1 /* CrisisSummaryGenerator.swift */,
			);
			name = Services;
			path = Services;
			sourceTree = "<group>";
		};
		F68000000000000000000007 /* Preview Support */ = {
			isa = PBXGroup;
			children = (
				BDBC564B4244F3139DF6FC1A /* MockData.swift */,
				F68000000000000000000006 /* ContentViewPreview.swift */,
			);
			name = "Preview Support";
			path = PreviewSupport;
			sourceTree = "<group>";
		};
		5BE42CC237643D72548005C7 /* Supporting */ = {
			isa = PBXGroup;
			children = (
				A27AF7A2B67E3562ED7B4A05 /* Info.plist */,
			);
			name = Supporting;
			path = Supporting;
			sourceTree = "<group>";
		};
		5C688B107787C948B6EEE69D /* Shared */ = {
			isa = PBXGroup;
			children = (
				B85EA27F27F49CD0B2E0A764 /* Components */,
				F2E8F2722C9F55D600CCDC5F /* Notifications */,
				F5AA4C142CA11DB200E3A1C1 /* Legal */,
				878DE0582D67A1DA1B35921C /* Styles */,
			);
			name = Shared;
			path = Shared;
			sourceTree = "<group>";
		};
		640B5184BBFDFFF560531073 /* Models */ = {
			isa = PBXGroup;
			children = (
				C6F4499AF37DA4F6D59FB979 /* AsyncState.swift */,
				A18761A9AC8E8D195D3E9B47 /* CrisisEvent.swift */,
				2AF9AE1D9DD225C2A46C6FDB /* DashboardSnapshot.swift */,
				EE381FE29E9F9E8463DAFA9F /* MacroIndicator.swift */,
				05012142113DBB560C687635 /* MetalAsset.swift */,
				F2B407D4A9F2279DF0D9A01F /* BennerCyclePhase.swift */,
				D5CC6E56A4A9E064A4C89FBE /* DisplayCurrency.swift */,
			);
			name = Models;
			path = Models;
			sourceTree = "<group>";
		};
		F2E8F2722C9F55D600CCDC5F /* Notifications */ = {
			isa = PBXGroup;
			children = (
				F2E8F2702C9F55D600CCDC5F /* NotificationOnboardingView.swift */,
			);
			name = Notifications;
			path = Notifications;
			sourceTree = "<group>";
		};

		F5AA4C142CA11DB200E3A1C1 /* Legal */ = {
			isa = PBXGroup;
			children = (
				F5AA4C122CA11D8F00E3A1C1 /* PrivacyPolicyView.swift */,
			);
			name = Legal;
			path = Legal;
			sourceTree = "<group>";
		};
		6A5AF9D74A26A154FC9AD391 /* Overview */ = {
			isa = PBXGroup;
			children = (
				932DECAC21051C7C487FA3E2 /* OverviewView.swift */,
				E1AF04761F3C2F8AAF0AC2B9 /* BennerCycleView.swift */,
			);
			name = Overview;
			path = Overview;
			sourceTree = "<group>";
		};
		7EC3313A120B6282B090CFF6 /* CRISIS */ = {
			isa = PBXGroup;
			children = (
				FF651B296DD458BCD78D3B72 /* App */,
				C4890519070E895A5F301E5A /* Config */,
				D1C708E3A6728A16EA944DB9 /* Features */,
				640B5184BBFDFFF560531073 /* Models */,
				862F394771C9D643F643EA76 /* Resources */,
				F68000000000000000000007 /* Preview Support */,
				5A9D6B971FFC94C0B55EA48D /* Services */,
				5C688B107787C948B6EEE69D /* Shared */,
				5BE42CC237643D72548005C7 /* Supporting */,
			);
			name = CRISIS;
			path = CRISIS;
			sourceTree = "<group>";
		};
		862F394771C9D643F643EA76 /* Resources */ = {
			isa = PBXGroup;
			children = (
				DED211DC8C2A0CDBC7C71277 /* Assets.xcassets */,
				FECDABE89A019C2B5861345D /* Preview Content.xcassets */,
			);
			name = Resources;
			path = Resources;
			sourceTree = "<group>";
		};
		878DE0582D67A1DA1B35921C /* Styles */ = {
			isa = PBXGroup;
			children = (
				67BD4E9FC5219FCF55CADC0A /* Theme.swift */,
				1316F12548E728AC87A451AD /* LiquidGlass.swift */,
			);
			name = Styles;
			path = Styles;
			sourceTree = "<group>";
		};
		904539D15D149163FE799BEB /* iOS */ = {
			isa = PBXGroup;
			children = (
				0D624EFBBEAC6A70A8CC65A7 /* Foundation.framework */,
				61C8785E139738DCA48C7B53 /* SwiftUI.framework */,
				6E6AB215CC03BE99B4F11333 /* Charts.framework */,
				AB06057FA458C0237615DD23 /* BackgroundTasks.framework */,
				DC199FB3D09F581E3D7D4F88 /* UserNotifications.framework */,
			);
			name = iOS;
			sourceTree = "<group>";
		};
		A033DEB2B647178B8385430E /* Frameworks */ = {
			isa = PBXGroup;
			children = (
				904539D15D149163FE799BEB /* iOS */,
			);
			name = Frameworks;
			sourceTree = "<group>";
		};
		B85EA27F27F49CD0B2E0A764 /* Components */ = {
			isa = PBXGroup;
			children = (
				F60000000000000000000001 /* AdaptiveStack.swift */,
				CA2DF0D060038C26BF32CA41 /* AsyncStateView.swift */,
				F5AA4C102CA11D6E00E3A1C1 /* SyncStatusBanner.swift */,
				F973AB3375CF3856D42A0B76 /* DashboardSection.swift */,
				34F5B8C7E1A64C1B9A1A3D7E /* LogoMark.swift */,
				7A2E57C4B1A64E7E9F3A9B2F /* BrilliantDiamondIcon.swift */,
				06ABC094EDBC2CF47952C99C /* MetalCard.swift */,
				A54DE1B5EFB7D877B640A1C2 /* MetricCard.swift */,
				C2BD1AEA35441F80EDBC857B /* PrimaryCTAButton.swift */,
				A1B26AA224F28C1D2D8C1EFA /* ToolbarStatusControl.swift */,
			);
			name = Components;
			path = Components;
			sourceTree = "<group>";
		};
		BD3FEB51E8143C5C8F70ED01 = {
			isa = PBXGroup;
			children = (
				C45318BFC02B5FAD23B0AD51 /* Products */,
				A033DEB2B647178B8385430E /* Frameworks */,
				7EC3313A120B6282B090CFF6 /* CRISIS */,
				E6B982932C9F5EFE00EFA8D4 /* CRISISTests */,
			);
			sourceTree = "<group>";
		};
		E6B982932C9F5EFE00EFA8D4 /* CRISISTests */ = {
			isa = PBXGroup;
			children = (
				F65000000000000000000004 /* APILoadingTests.swift */,
				F65000000000000000000003 /* AdaptiveLayoutPolicyTests.swift */,
				E6B982942C9F5EFE00EFA8D4 /* CrisisFeedTests.swift */,
				A9AC6E6DCC5FEE66A1657EDC /* BennerCycleServiceTests.swift */,
				D7CC25ECA1B6230C9BA90907 /* CurrencyConverterTests.swift */,
				E2D9137AF411F7D41CB19E6B /* ConsultationFormViewModelTests.swift */,
			);
			path = ../CRISISTests;
			sourceTree = SOURCE_ROOT;
		};
		C45318BFC02B5FAD23B0AD51 /* Products */ = {
			isa = PBXGroup;
			children = (
				353183EBB39C30CF147F5E8B /* CRISIS.app */,
				F6000000000000000000000A /* CRISISTahoe.app */,
				F6000000000000000000000B /* CRISISVision.app */,
				F6000000000000000000000C /* CRISISWatch.app */,
				F66400000000000000000001 /* CRISISTahoeTests.xctest */,
				F66400000000000000000002 /* CRISISVisionTests.xctest */,
				F66400000000000000000003 /* CRISISWatchTests.xctest */,
				F68000000000000000000008 /* CRISISPreviews.xctest */,
				E6B982972C9F5EFE00EFA8D4 /* CRISISTests.xctest */,
			);
			name = Products;
			sourceTree = "<group>";
		};
		C4890519070E895A5F301E5A /* Config */ = {
			isa = PBXGroup;
			children = (
				CBB202283825D5EEEE6BA843 /* AppConfig.swift */,
				E6B982902C9F5D7F00EFA8D4 /* CrisisThresholds.swift */,
			);
			name = Config;
			path = Config;
			sourceTree = "<group>";
		};
		C5518CD9EC7F550711634656 /* Comparison */ = {
			isa = PBXGroup;
			children = (
				6EBB195905BCB712A8E66313 /* ComparisonView.swift */,
				B6F31E82D7A0F4C4B30341AA /* AssetComparisonEngine.swift */,
			);
			name = Comparison;
			path = Comparison;
			sourceTree = "<group>";
		};
		D1C708E3A6728A16EA944DB9 /* Features */ = {
			isa = PBXGroup;
			children = (
				C5518CD9EC7F550711634656 /* Comparison */,
				EA9AAD2D3D288BF27DE73A79 /* Consultation */,
				171F8E6CEBD413AC6A010350 /* Crisis */,
				12E9DF001AE5DF89362CC91C /* Metals */,
				6A5AF9D74A26A154FC9AD391 /* Overview */,
			);
			name = Features;
			path = Features;
			sourceTree = "<group>";
		};
		EA9AAD2D3D288BF27DE73A79 /* Consultation */ = {
			isa = PBXGroup;
			children = (
				DC40B4A4B6EC7840AADB8AB4 /* ConsultationFormView.swift */,
				9E61AB20C67BD6A5D9953B11 /* ConsultationFormViewModel.swift */,
				FB1D6CDEBCE4DFFB2F0B560E /* ConsultationView.swift */,
			);
			name = Consultation;
			path = Consultation;
			sourceTree = "<group>";
		};
		FF651B296DD458BCD78D3B72 /* App */ = {
			isa = PBXGroup;
			children = (
				16CCB805849B18312345FD27 /* AppState.swift */,
				3210A792E90E0A7C3807801B /* ContentView.swift */,
				40C8229FF889B06599889FED /* CRISISApp.swift */,
				F60000000000000000000007 /* CRISISTahoeApp.swift */,
				F60000000000000000000008 /* CRISISVisionApp.swift */,
				F60000000000000000000009 /* CRISISWatchApp.swift */,
				F8A7DA21DA3E6E4291E63889 /* CurrencySettings.swift */,
				F60000000000000000000002 /* PlatformDashboardView.swift */,
				F60000000000000000000003 /* ConsultationPanelView.swift */,
				F60000000000000000000004 /* MacContentView.swift */,
				F60000000000000000000005 /* VisionContentView.swift */,
				F60000000000000000000006 /* WatchContentView.swift */,
				A7C8217B9F6814F1A9321CBA /* SettingsSheet.swift */,
			);
			name = App;
			path = App;
			sourceTree = "<group>";
		};
/* End PBXGroup section */

/* Begin PBXNativeTarget section */
	8BD61DE3DBC24CEB427EE4D3 /* CRISIS */ = {
		isa = PBXNativeTarget;
		buildConfigurationList = BAA648609B9BD763F624E397 /* Build configuration list for PBXNativeTarget "CRISIS" */;
		buildPhases = (
			EE2D0B8D768D911CBAB04C96 /* Sources */,
			ACA5F0D9230EC4520449F1C2 /* Frameworks */,
			CFD2E4BC6C78FCD087A332CB /* Resources */,
		);
			buildRules = (
			);
			dependencies = (
			);
			name = CRISIS;
			productName = "VermÃ¶gensKompass";
		productReference = 353183EBB39C30CF147F5E8B /* CRISIS.app */;
		productType = "com.apple.product-type.application";
	};
		F61000000000000000000001 /* CRISISTahoe */ = {
			isa = PBXNativeTarget;
			buildConfigurationList = F63000000000000000000001 /* Build configuration list for PBXNativeTarget "CRISISTahoe" */;
			buildPhases = (
				F61100000000000000000001 /* Sources */,
				F61100000000000000000002 /* Frameworks */,
				F61100000000000000000003 /* Resources */,
			);
			buildRules = (
			);
			dependencies = (
			);
			name = CRISISTahoe;
			productName = CRISISTahoe;
			productReference = F6000000000000000000000A /* CRISISTahoe.app */;
			productType = "com.apple.product-type.application";
		};
		F61000000000000000000002 /* CRISISVision */ = {
			isa = PBXNativeTarget;
			buildConfigurationList = F63000000000000000000002 /* Build configuration list for PBXNativeTarget "CRISISVision" */;
			buildPhases = (
				F61100000000000000000004 /* Sources */,
				F61100000000000000000005 /* Frameworks */,
				F61100000000000000000006 /* Resources */,
			);
			buildRules = (
			);
			dependencies = (
			);
			name = CRISISVision;
			productName = CRISISVision;
			productReference = F6000000000000000000000B /* CRISISVision.app */;
			productType = "com.apple.product-type.application";
		};
		F61000000000000000000003 /* CRISISWatch */ = {
			isa = PBXNativeTarget;
			buildConfigurationList = F63000000000000000000003 /* Build configuration list for PBXNativeTarget "CRISISWatch" */;
			buildPhases = (
				F61100000000000000000007 /* Sources */,
				F61100000000000000000008 /* Frameworks */,
				F61100000000000000000009 /* Resources */,
			);
			buildRules = (
			);
			dependencies = (
			);
			name = CRISISWatch;
			productName = CRISISWatch;
			productReference = F6000000000000000000000C /* CRISISWatch.app */;
			productType = "com.apple.product-type.application";
		};
		F66000000000000000000001 /* CRISISTahoeTests */ = {
			isa = PBXNativeTarget;
			buildConfigurationList = F66200000000000000000001 /* Build configuration list for PBXNativeTarget "CRISISTahoeTests" */;
			buildPhases = (
				F66100000000000000000001 /* Sources */,
				F66100000000000000000002 /* Frameworks */,
				F66100000000000000000003 /* Resources */,
			);
			buildRules = (
			);
			dependencies = (
				F66600000000000000000001 /* PBXTargetDependency */,
			);
			name = CRISISTahoeTests;
			productName = CRISISTahoeTests;
			productReference = F66400000000000000000001 /* CRISISTahoeTests.xctest */;
			productType = "com.apple.product-type.bundle.unit-test";
		};
		F66000000000000000000002 /* CRISISVisionTests */ = {
			isa = PBXNativeTarget;
			buildConfigurationList = F66200000000000000000002 /* Build configuration list for PBXNativeTarget "CRISISVisionTests" */;
			buildPhases = (
				F66100000000000000000004 /* Sources */,
				F66100000000000000000005 /* Frameworks */,
				F66100000000000000000006 /* Resources */,
			);
			buildRules = (
			);
			dependencies = (
				F66600000000000000000002 /* PBXTargetDependency */,
			);
			name = CRISISVisionTests;
			productName = CRISISVisionTests;
			productReference = F66400000000000000000002 /* CRISISVisionTests.xctest */;
			productType = "com.apple.product-type.bundle.unit-test";
		};
		F66000000000000000000003 /* CRISISWatchTests */ = {
			isa = PBXNativeTarget;
			buildConfigurationList = F66200000000000000000003 /* Build configuration list for PBXNativeTarget "CRISISWatchTests" */;
			buildPhases = (
				F66100000000000000000007 /* Sources */,
				F66100000000000000000008 /* Frameworks */,
				F66100000000000000000009 /* Resources */,
			);
			buildRules = (
			);
			dependencies = (
				F66600000000000000000003 /* PBXTargetDependency */,
			);
			name = CRISISWatchTests;
			productName = CRISISWatchTests;
			productReference = F66400000000000000000003 /* CRISISWatchTests.xctest */;
			productType = "com.apple.product-type.bundle.unit-test";
		};
		F68000000000000000000001 /* CRISISPreviews */ = {
			isa = PBXNativeTarget;
			buildConfigurationList = F6800000000000000000000B /* Build configuration list for PBXNativeTarget "CRISISPreviews" */;
			buildPhases = (
				F68000000000000000000002 /* Sources */,
				F68000000000000000000003 /* Frameworks */,
				F68000000000000000000004 /* Resources */,
			);
			buildRules = (
			);
			dependencies = (
				F68000000000000000000009 /* PBXTargetDependency */,
			);
			name = CRISISPreviews;
			productName = CRISISPreviews;
			productReference = F68000000000000000000008 /* CRISISPreviews.xctest */;
			productType = "com.apple.product-type.bundle.unit-test";
		};
		E6B982962C9F5EFE00EFA8D4 /* CRISISTests */ = {
			isa = PBXNativeTarget;
			buildConfigurationList = E6B9829B2C9F5EFE00EFA8D4 /* Build configuration list for PBXNativeTarget "CRISISTests" */;
			buildPhases = (
				E6B982992C9F5EFE00EFA8D4 /* Sources */,
				E6B982982C9F5EFE00EFA8D4 /* Frameworks */,
				E6B9829A2C9F5EFE00EFA8D4 /* Resources */,
			);
			buildRules = (
			);
			dependencies = (
				E6B982A02C9F5EFE00EFA8D4 /* PBXTargetDependency */,
			);
			name = CRISISTests;
			productName = CRISISTests;
			productReference = E6B982972C9F5EFE00EFA8D4 /* CRISISTests.xctest */;
			productType = "com.apple.product-type.bundle.unit-test";
		};
/* End PBXNativeTarget section */

/* Begin PBXProject section */
		A7072653FA7D019007BD0FE5 /* Project object */ = {
			isa = PBXProject;
			attributes = {
				LastSwiftUpdateCheck = 1600;
				LastUpgradeCheck = 1600;
				TargetAttributes = {
					8BD61DE3DBC24CEB427EE4D3 = {
						CreatedOnToolsVersion = 16.0;
					};
					F61000000000000000000001 = {
						CreatedOnToolsVersion = 16.0;
					};
					F61000000000000000000002 = {
						CreatedOnToolsVersion = 16.0;
					};
					F61000000000000000000003 = {
						CreatedOnToolsVersion = 16.0;
					};
					F66000000000000000000001 = {
						CreatedOnToolsVersion = 16.0;
						TestTargetID = F61000000000000000000001;
					};
					F66000000000000000000002 = {
						CreatedOnToolsVersion = 16.0;
						TestTargetID = F61000000000000000000002;
					};
					F66000000000000000000003 = {
						CreatedOnToolsVersion = 16.0;
						TestTargetID = F61000000000000000000003;
					};
					F68000000000000000000001 = {
						CreatedOnToolsVersion = 16.0;
						TestTargetID = 8BD61DE3DBC24CEB427EE4D3;
					};
					E6B982962C9F5EFE00EFA8D4 = {
						CreatedOnToolsVersion = 16.0;
						TestTargetID = 8BD61DE3DBC24CEB427EE4D3;
					};
				};
			};
			buildConfigurationList = 270556A8E9838DC2A4A777FA /* Build configuration list for PBXProject "CRISIS" */;
			compatibilityVersion = "Xcode 3.2";
			developmentRegion = en;
			hasScannedForEncodings = 0;
			knownRegions = (
				en,
				Base,
			);
			mainGroup = BD3FEB51E8143C5C8F70ED01;
			minimizedProjectReferenceProxies = 0;
			preferredProjectObjectVersion = 77;
			productRefGroup = C45318BFC02B5FAD23B0AD51 /* Products */;
			projectDirPath = "";
			projectRoot = "";
			targets = (
				8BD61DE3DBC24CEB427EE4D3 /* CRISIS */,
				F61000000000000000000001 /* CRISISTahoe */,
				F61000000000000000000002 /* CRISISVision */,
				F61000000000000000000003 /* CRISISWatch */,
				F66000000000000000000001 /* CRISISTahoeTests */,
				F66000000000000000000002 /* CRISISVisionTests */,
				F66000000000000000000003 /* CRISISWatchTests */,
				F68000000000000000000001 /* CRISISPreviews */,
				E6B982962C9F5EFE00EFA8D4 /* CRISISTests */,
			);
		};
/* End PBXProject section */

/* Begin PBXResourcesBuildPhase section */
		CFD2E4BC6C78FCD087A332CB /* Resources */ = {
			isa = PBXResourcesBuildPhase;
			buildActionMask = 2147483647;
			files = (
				87FB7CD2DBB6A28B66C594AF /* Assets.xcassets in Resources */,
			);
			runOnlyForDeploymentPostprocessing = 0;
		};
		F61100000000000000000003 /* Resources */ = {
			isa = PBXResourcesBuildPhase;
			buildActionMask = 2147483647;
			files = (
				87FB7CD2DBB6A28B66C594AF /* Assets.xcassets in Resources */,
			);
			runOnlyForDeploymentPostprocessing = 0;
		};
		F61100000000000000000006 /* Resources */ = {
			isa = PBXResourcesBuildPhase;
			buildActionMask = 2147483647;
			files = (
				87FB7CD2DBB6A28B66C594AF /* Assets.xcassets in Resources */,
			);
			runOnlyForDeploymentPostprocessing = 0;
		};
	F61100000000000000000009 /* Resources */ = {
		isa = PBXResourcesBuildPhase;
		buildActionMask = 2147483647;
		files = (
			87FB7CD2DBB6A28B66C594AF /* Assets.xcassets in Resources */,
		);
		runOnlyForDeploymentPostprocessing = 0;
	};
		F68000000000000000000004 /* Resources */ = {
			isa = PBXResourcesBuildPhase;
			buildActionMask = 2147483647;
			files = (
				01964462257EDF68CCED9DAA /* Preview Content.xcassets in Resources */,
			);
			runOnlyForDeploymentPostprocessing = 0;
		};
		F66100000000000000000003 /* Resources */ = {
			isa = PBXResourcesBuildPhase;
			buildActionMask = 2147483647;
			files = (
			);
			runOnlyForDeploymentPostprocessing = 0;
		};
		F66100000000000000000006 /* Resources */ = {
			isa = PBXResourcesBuildPhase;
			buildActionMask = 2147483647;
			files = (
			);
			runOnlyForDeploymentPostprocessing = 0;
		};
		F66100000000000000000009 /* Resources */ = {
			isa = PBXResourcesBuildPhase;
			buildActionMask = 2147483647;
			files = (
			);
			runOnlyForDeploymentPostprocessing = 0;
		};
	E6B9829A2C9F5EFE00EFA8D4 /* Resources */ = {
		isa = PBXResourcesBuildPhase;
		buildActionMask = 2147483647;
		files = (
		);
			runOnlyForDeploymentPostprocessing = 0;
		};
/* End PBXResourcesBuildPhase section */

/* Begin PBXSourcesBuildPhase section */
		EE2D0B8D768D911CBAB04C96 /* Sources */ = {
			isa = PBXSourcesBuildPhase;
			buildActionMask = 2147483647;
			files = (
				8E0A9F24871B19F2BF03ABD4 /* AppState.swift in Sources */,
				1B9D3939AFC48376C3FF0588 /* ContentView.swift in Sources */,
				ADE26232E88519008DE2C7C0 /* CRISISApp.swift in Sources */,
				AD47249CF4332EEDFCDF5C30 /* AppConfig.swift in Sources */,
				E6B982912C9F5D7F00EFA8D4 /* CrisisThresholds.swift in Sources */,
				72C012A7C44BA846A12CE82E /* ComparisonView.swift in Sources */,
				B6F31E83D7A0F4C4B30341AA /* AssetComparisonEngine.swift in Sources */,
				962EFE2CA99011B28EC599C8 /* ConsultationView.swift in Sources */,
				2D3618662F6E7B76296EB4F5 /* CrisisView.swift in Sources */,
				95EEA4F36F93F978CA02A21E /* MetalsView.swift in Sources */,
				21642D3232190EC72E7D0718 /* OverviewView.swift in Sources */,
				5AF26617904D1033018A6F9F /* BennerCycleView.swift in Sources */,
				106D8C2819EB3D3F3A67AF83 /* AsyncState.swift in Sources */,
				3AC1BEB9CB770A214EA68855 /* CrisisEvent.swift in Sources */,
				C662CD3FC57AD0855F2821F6 /* DashboardSnapshot.swift in Sources */,
				9B4F5FEC61BF556D9B2C19A7 /* BennerCyclePhase.swift in Sources */,
				8A3BCD86A1B134BA8472CB0B /* DisplayCurrency.swift in Sources */,
				F0866BAA76D16387AF80AEEA /* MacroIndicator.swift in Sources */,
				CA5D8141306DE7B128199721 /* MetalAsset.swift in Sources */,
				B5207DE87B210BB444314774 /* CrisisMonitorService.swift in Sources */,
				B5F20F81493231BCAE91A422 /* BennerCycleService.swift in Sources */,
				B1CA4B89AC1A95FCD934932F /* ConsultationService.swift in Sources */,
				44B0F170C2748EBFD78A4701 /* DashboardRepository.swift in Sources */,
				A5E012130E5E54EDA023731D /* HTTPClient.swift in Sources */,
				2976AE82FA0B3E81FC022794 /* MacroIndicatorService.swift in Sources */,
				8951793C6E0EA1968F4064C3 /* MetalPriceService.swift in Sources */,
				E84B88F41893339C93DB7329 /* ExchangeRateService.swift in Sources */,
				5042C4D19A498B135562AFDD /* AsyncStateView.swift in Sources */,
				E7C1A12C2CA0FDCF0069E9E1 /* MacroChartInsightEngine.swift in Sources */,
				E7C1A12E2CA0FDCF0069E9E1 /* CrisisSummaryGenerator.swift in Sources */,
				CD992FE1A17CE63A902FDA94 /* DashboardSection.swift in Sources */,
				5F8B6BB12F6D4E3F9CC9B4E5 /* LogoMark.swift in Sources */,
				3B60987029A81AD7814C4F6E /* MetalCard.swift in Sources */,
				BF753BBDF0E65E8927E6958A /* MetricCard.swift in Sources */,
				561D5298703B7D1FFA33635E /* PrimaryCTAButton.swift in Sources */,
				A1B26AA324F28C1D2D8C1EFA /* ToolbarStatusControl.swift in Sources */,
				976EF4CCDE9E3260B2899F5C /* ConsultationFormView.swift in Sources */,
				988C5AE2D0906C31A211BE1F /* ConsultationFormViewModel.swift in Sources */,
				F5AA4C112CA11D6E00E3A1C1 /* SyncStatusBanner.swift in Sources */,
				F8A7DA22DA3E6E4291E63889 /* CurrencySettings.swift in Sources */,
				A7C8217C9F6814F1A9321CBA /* SettingsSheet.swift in Sources */,
				29E59C2E8AB2F7258FB0E5F3 /* Theme.swift in Sources */,
				90B55E90E6BCF1F6A891A5C1 /* BackgroundRefreshManager.swift in Sources */,
				FAAD8CC003F33FBB6B379D94 /* DashboardCache.swift in Sources */,
				13FF4E194AF18A47906483F8 /* NotificationManager.swift in Sources */,
				F5AA4C132CA11D8F00E3A1C1 /* PrivacyPolicyView.swift in Sources */,
				F2E8F2712C9F55D600CCDC5F /* NotificationOnboardingView.swift in Sources */,
				F62000000000000000000001 /* AdaptiveStack.swift in Sources */,
				6F233A8033D277072438B147 /* LiquidGlass.swift in Sources */,
				7A2E57C5B1A64E7E9F3A9B2F /* BrilliantDiamondIcon.swift in Sources */,
			);
			runOnlyForDeploymentPostprocessing = 0;
		};
		F61100000000000000000001 /* Sources */ = {
			isa = PBXSourcesBuildPhase;
			buildActionMask = 2147483647;
			files = (
				F62000000000000000000007 /* CRISISTahoeApp.swift in Sources */,
				F62000000000000000000004 /* MacContentView.swift in Sources */,
				F62000000000000000000002 /* PlatformDashboardView.swift in Sources */,
				F62000000000000000000003 /* ConsultationPanelView.swift in Sources */,
				F62000000000000000000001 /* AdaptiveStack.swift in Sources */,
				8E0A9F24871B19F2BF03ABD4 /* AppState.swift in Sources */,
				F8A7DA22DA3E6E4291E63889 /* CurrencySettings.swift in Sources */,
				AD47249CF4332EEDFCDF5C30 /* AppConfig.swift in Sources */,
				E6B982912C9F5D7F00EFA8D4 /* CrisisThresholds.swift in Sources */,
				44B0F170C2748EBFD78A4701 /* DashboardRepository.swift in Sources */,
				FAAD8CC003F33FBB6B379D94 /* DashboardCache.swift in Sources */,
				B1CA4B89AC1A95FCD934932F /* ConsultationService.swift in Sources */,
				988C5AE2D0906C31A211BE1F /* ConsultationFormViewModel.swift in Sources */,
				B5F20F81493231BCAE91A422 /* BennerCycleService.swift in Sources */,
				B5207DE87B210BB444314774 /* CrisisMonitorService.swift in Sources */,
				2976AE82FA0B3E81FC022794 /* MacroIndicatorService.swift in Sources */,
				8951793C6E0EA1968F4064C3 /* MetalPriceService.swift in Sources */,
				E84B88F41893339C93DB7329 /* ExchangeRateService.swift in Sources */,
				A5E012130E5E54EDA023731D /* HTTPClient.swift in Sources */,
				13FF4E194AF18A47906483F8 /* NotificationManager.swift in Sources */,
				106D8C2819EB3D3F3A67AF83 /* AsyncState.swift in Sources */,
				9B4F5FEC61BF556D9B2C19A7 /* BennerCyclePhase.swift in Sources */,
				3AC1BEB9CB770A214EA68855 /* CrisisEvent.swift in Sources */,
				C662CD3FC57AD0855F2821F6 /* DashboardSnapshot.swift in Sources */,
				8A3BCD86A1B134BA8472CB0B /* DisplayCurrency.swift in Sources */,
				CA5D8141306DE7B128199721 /* MetalAsset.swift in Sources */,
				F0866BAA76D16387AF80AEEA /* MacroIndicator.swift in Sources */,
				5042C4D19A498B135562AFDD /* AsyncStateView.swift in Sources */,
				CD992FE1A17CE63A902FDA94 /* DashboardSection.swift in Sources */,
				3B60987029A81AD7814C4F6E /* MetalCard.swift in Sources */,
				561D5298703B7D1FFA33635E /* PrimaryCTAButton.swift in Sources */,
				7A2E57C5B1A64E7E9F3A9B2F /* BrilliantDiamondIcon.swift in Sources */,
				6F233A8033D277072438B147 /* LiquidGlass.swift in Sources */,
				29E59C2E8AB2F7258FB0E5F3 /* Theme.swift in Sources */,
			);
			runOnlyForDeploymentPostprocessing = 0;
		};
		F61100000000000000000004 /* Sources */ = {
			isa = PBXSourcesBuildPhase;
			buildActionMask = 2147483647;
			files = (
				F62000000000000000000008 /* CRISISVisionApp.swift in Sources */,
				F62000000000000000000005 /* VisionContentView.swift in Sources */,
				F62000000000000000000002 /* PlatformDashboardView.swift in Sources */,
				F62000000000000000000003 /* ConsultationPanelView.swift in Sources */,
				F62000000000000000000001 /* AdaptiveStack.swift in Sources */,
				8E0A9F24871B19F2BF03ABD4 /* AppState.swift in Sources */,
				F8A7DA22DA3E6E4291E63889 /* CurrencySettings.swift in Sources */,
				AD47249CF4332EEDFCDF5C30 /* AppConfig.swift in Sources */,
				E6B982912C9F5D7F00EFA8D4 /* CrisisThresholds.swift in Sources */,
				44B0F170C2748EBFD78A4701 /* DashboardRepository.swift in Sources */,
				FAAD8CC003F33FBB6B379D94 /* DashboardCache.swift in Sources */,
				B1CA4B89AC1A95FCD934932F /* ConsultationService.swift in Sources */,
				988C5AE2D0906C31A211BE1F /* ConsultationFormViewModel.swift in Sources */,
				B5F20F81493231BCAE91A422 /* BennerCycleService.swift in Sources */,
				B5207DE87B210BB444314774 /* CrisisMonitorService.swift in Sources */,
				2976AE82FA0B3E81FC022794 /* MacroIndicatorService.swift in Sources */,
				8951793C6E0EA1968F4064C3 /* MetalPriceService.swift in Sources */,
				E84B88F41893339C93DB7329 /* ExchangeRateService.swift in Sources */,
				A5E012130E5E54EDA023731D /* HTTPClient.swift in Sources */,
				13FF4E194AF18A47906483F8 /* NotificationManager.swift in Sources */,
				106D8C2819EB3D3F3A67AF83 /* AsyncState.swift in Sources */,
				9B4F5FEC61BF556D9B2C19A7 /* BennerCyclePhase.swift in Sources */,
				3AC1BEB9CB770A214EA68855 /* CrisisEvent.swift in Sources */,
				C662CD3FC57AD0855F2821F6 /* DashboardSnapshot.swift in Sources */,
				8A3BCD86A1B134BA8472CB0B /* DisplayCurrency.swift in Sources */,
				CA5D8141306DE7B128199721 /* MetalAsset.swift in Sources */,
				F0866BAA76D16387AF80AEEA /* MacroIndicator.swift in Sources */,
				5042C4D19A498B135562AFDD /* AsyncStateView.swift in Sources */,
				CD992FE1A17CE63A902FDA94 /* DashboardSection.swift in Sources */,
				3B60987029A81AD7814C4F6E /* MetalCard.swift in Sources */,
				561D5298703B7D1FFA33635E /* PrimaryCTAButton.swift in Sources */,
				7A2E57C5B1A64E7E9F3A9B2F /* BrilliantDiamondIcon.swift in Sources */,
				6F233A8033D277072438B147 /* LiquidGlass.swift in Sources */,
				29E59C2E8AB2F7258FB0E5F3 /* Theme.swift in Sources */,
			);
			runOnlyForDeploymentPostprocessing = 0;
		};
		F61100000000000000000007 /* Sources */ = {
			isa = PBXSourcesBuildPhase;
			buildActionMask = 2147483647;
			files = (
				F62000000000000000000009 /* CRISISWatchApp.swift in Sources */,
				F62000000000000000000006 /* WatchContentView.swift in Sources */,
				8E0A9F24871B19F2BF03ABD4 /* AppState.swift in Sources */,
				AD47249CF4332EEDFCDF5C30 /* AppConfig.swift in Sources */,
				E6B982912C9F5D7F00EFA8D4 /* CrisisThresholds.swift in Sources */,
				44B0F170C2748EBFD78A4701 /* DashboardRepository.swift in Sources */,
				FAAD8CC003F33FBB6B379D94 /* DashboardCache.swift in Sources */,
				B1CA4B89AC1A95FCD934932F /* ConsultationService.swift in Sources */,
				988C5AE2D0906C31A211BE1F /* ConsultationFormViewModel.swift in Sources */,
				B5F20F81493231BCAE91A422 /* BennerCycleService.swift in Sources */,
				B5207DE87B210BB444314774 /* CrisisMonitorService.swift in Sources */,
				2976AE82FA0B3E81FC022794 /* MacroIndicatorService.swift in Sources */,
				8951793C6E0EA1968F4064C3 /* MetalPriceService.swift in Sources */,
				E84B88F41893339C93DB7329 /* ExchangeRateService.swift in Sources */,
				A5E012130E5E54EDA023731D /* HTTPClient.swift in Sources */,
				13FF4E194AF18A47906483F8 /* NotificationManager.swift in Sources */,
				106D8C2819EB3D3F3A67AF83 /* AsyncState.swift in Sources */,
				3AC1BEB9CB770A214EA68855 /* CrisisEvent.swift in Sources */,
				C662CD3FC57AD0855F2821F6 /* DashboardSnapshot.swift in Sources */,
				9B4F5FEC61BF556D9B2C19A7 /* BennerCyclePhase.swift in Sources */,
				8A3BCD86A1B134BA8472CB0B /* DisplayCurrency.swift in Sources */,
				CA5D8141306DE7B128199721 /* MetalAsset.swift in Sources */,
				F0866BAA76D16387AF80AEEA /* MacroIndicator.swift in Sources */,
				5042C4D19A498B135562AFDD /* AsyncStateView.swift in Sources */,
			);
			runOnlyForDeploymentPostprocessing = 0;
		};
		F66100000000000000000001 /* Sources */ = {
			isa = PBXSourcesBuildPhase;
			buildActionMask = 2147483647;
			files = (
				F67000000000000000000006 /* APILoadingTests.swift in Sources */,
				F67000000000000000000005 /* AdaptiveLayoutPolicyTests.swift in Sources */,
				F67000000000000000000001 /* CrisisFeedTests.swift in Sources */,
				F67000000000000000000003 /* CurrencyConverterTests.swift in Sources */,
				F67000000000000000000002 /* BennerCycleServiceTests.swift in Sources */,
				F67000000000000000000004 /* ConsultationFormViewModelTests.swift in Sources */,
			);
			runOnlyForDeploymentPostprocessing = 0;
		};
		F66100000000000000000004 /* Sources */ = {
			isa = PBXSourcesBuildPhase;
			buildActionMask = 2147483647;
			files = (
				F6700000000000000000000C /* APILoadingTests.swift in Sources */,
				F6700000000000000000000B /* AdaptiveLayoutPolicyTests.swift in Sources */,
				F67000000000000000000007 /* CrisisFeedTests.swift in Sources */,
				F67000000000000000000009 /* CurrencyConverterTests.swift in Sources */,
				F67000000000000000000008 /* BennerCycleServiceTests.swift in Sources */,
				F6700000000000000000000A /* ConsultationFormViewModelTests.swift in Sources */,
			);
			runOnlyForDeploymentPostprocessing = 0;
		};
		F66100000000000000000007 /* Sources */ = {
			isa = PBXSourcesBuildPhase;
			buildActionMask = 2147483647;
			files = (
				F67000000000000000000012 /* APILoadingTests.swift in Sources */,
				F67000000000000000000011 /* AdaptiveLayoutPolicyTests.swift in Sources */,
				F6700000000000000000000D /* CrisisFeedTests.swift in Sources */,
				F6700000000000000000000F /* CurrencyConverterTests.swift in Sources */,
				F6700000000000000000000E /* BennerCycleServiceTests.swift in Sources */,
				F67000000000000000000010 /* ConsultationFormViewModelTests.swift in Sources */,
			);
			runOnlyForDeploymentPostprocessing = 0;
		};
		F68000000000000000000002 /* Sources */ = {
			isa = PBXSourcesBuildPhase;
			buildActionMask = 2147483647;
			files = (
				F68000000000000000000005 /* ContentViewPreview.swift in Sources */,
				FFFB8E77F49B801181B8FEAA /* MockData.swift in Sources */,
			);
			runOnlyForDeploymentPostprocessing = 0;
		};
		E6B982992C9F5EFE00EFA8D4 /* Sources */ = {
			isa = PBXSourcesBuildPhase;
			buildActionMask = 2147483647;
			files = (
				F65000000000000000000002 /* APILoadingTests.swift in Sources */,
				F65000000000000000000001 /* AdaptiveLayoutPolicyTests.swift in Sources */,
				E6B982952C9F5EFE00EFA8D4 /* CrisisFeedTests.swift in Sources */,
				D7CC25EDA1B6230C9BA90907 /* CurrencyConverterTests.swift in Sources */,
				C1CEDCF7C05E5E7A7CB2D61E /* BennerCycleServiceTests.swift in Sources */,
				E2D9137BF411F7D41CB19E6B /* ConsultationFormViewModelTests.swift in Sources */,
			);
			runOnlyForDeploymentPostprocessing = 0;
		};
/* End PBXSourcesBuildPhase section */

/* Begin PBXTargetDependency section */
		F66600000000000000000001 /* PBXTargetDependency */ = {
			isa = PBXTargetDependency;
			target = F61000000000000000000001 /* CRISISTahoe */;
			targetProxy = F66500000000000000000001 /* PBXContainerItemProxy */;
		};
		F66600000000000000000002 /* PBXTargetDependency */ = {
			isa = PBXTargetDependency;
			target = F61000000000000000000002 /* CRISISVision */;
			targetProxy = F66500000000000000000002 /* PBXContainerItemProxy */;
		};
		F66600000000000000000003 /* PBXTargetDependency */ = {
			isa = PBXTargetDependency;
			target = F61000000000000000000003 /* CRISISWatch */;
			targetProxy = F66500000000000000000003 /* PBXContainerItemProxy */;
		};
		F68000000000000000000009 /* PBXTargetDependency */ = {
			isa = PBXTargetDependency;
			target = 8BD61DE3DBC24CEB427EE4D3 /* CRISIS */;
			targetProxy = F6800000000000000000000A /* PBXContainerItemProxy */;
		};
		E6B982A02C9F5EFE00EFA8D4 /* PBXTargetDependency */ = {
			isa = PBXTargetDependency;
			target = 8BD61DE3DBC24CEB427EE4D3 /* CRISIS */;
			targetProxy = E6B9829F2C9F5EFE00EFA8D4 /* PBXContainerItemProxy */;
		};
/* End PBXTargetDependency section */

/* Begin XCBuildConfiguration section */
		6DF40A1A15928E2ADDD9EF13 /* Release */ = {
			isa = XCBuildConfiguration;
			buildSettings = {
				ASSETCATALOG_COMPILER_APPICON_NAME = AppIcon;
				ASSETCATALOG_COMPILER_GLOBAL_ACCENT_COLOR_NAME = AccentColor;
				CLANG_ENABLE_OBJC_WEAK = NO;
				CODE_SIGN_STYLE = Automatic;
				DEVELOPMENT_TEAM = "";
				INFOPLIST_FILE = CRISIS/Supporting/Info.plist;
				IPHONEOS_DEPLOYMENT_TARGET = 17.0;
				LD_RUNPATH_SEARCH_PATHS = "$(inherited) @executable_path/Frameworks";
				PRODUCT_BUNDLE_IDENTIFIER = de.vibecode.crisis;
				SDKROOT = iphoneos;
				SWIFT_VERSION = 5.10;
				TARGETED_DEVICE_FAMILY = "1,2";
				VALIDATE_PRODUCT = YES;
			};
			name = Release;
		};
		C937454591909E00BA3361D9 /* Release */ = {
			isa = XCBuildConfiguration;
			buildSettings = {
				ALWAYS_SEARCH_USER_PATHS = NO;
				CLANG_ANALYZER_NONNULL = YES;
				CLANG_ANALYZER_NUMBER_OBJECT_CONVERSION = YES_AGGRESSIVE;
				CLANG_CXX_LANGUAGE_STANDARD = "gnu++14";
				CLANG_CXX_LIBRARY = "libc++";
				CLANG_ENABLE_MODULES = YES;
				CLANG_ENABLE_OBJC_ARC = YES;
				CLANG_ENABLE_OBJC_WEAK = YES;
				CLANG_WARN_BLOCK_CAPTURE_AUTORELEASING = YES;
				CLANG_WARN_BOOL_CONVERSION = YES;
				CLANG_WARN_COMMA = YES;
				CLANG_WARN_CONSTANT_CONVERSION = YES;
				CLANG_WARN_DEPRECATED_OBJC_IMPLEMENTATIONS = YES;
				CLANG_WARN_DIRECT_OBJC_ISA_USAGE = YES_ERROR;
				CLANG_WARN_DOCUMENTATION_COMMENTS = YES;
				CLANG_WARN_EMPTY_BODY = YES;
				CLANG_WARN_ENUM_CONVERSION = YES;
				CLANG_WARN_INFINITE_RECURSION = YES;
				CLANG_WARN_INT_CONVERSION = YES;
				CLANG_WARN_NON_LITERAL_NULL_CONVERSION = YES;
				CLANG_WARN_OBJC_IMPLICIT_RETAIN_SELF = YES;
				CLANG_WARN_OBJC_LITERAL_CONVERSION = YES;
				CLANG_WARN_OBJC_ROOT_CLASS = YES_ERROR;
				CLANG_WARN_QUOTED_INCLUDE_IN_FRAMEWORK_HEADER = YES;
				CLANG_WARN_RANGE_LOOP_ANALYSIS = YES;
				CLANG_WARN_STRICT_PROTOTYPES = YES;
				CLANG_WARN_SUSPICIOUS_MOVE = YES;
				CLANG_WARN_UNGUARDED_AVAILABILITY = YES_AGGRESSIVE;
				CLANG_WARN_UNREACHABLE_CODE = YES;
				CLANG_WARN__DUPLICATE_METHOD_MATCH = YES;
				COPY_PHASE_STRIP = NO;
				DEBUG_INFORMATION_FORMAT = "dwarf-with-dsym";
				ENABLE_NS_ASSERTIONS = NO;
				ENABLE_STRICT_OBJC_MSGSEND = YES;
				GCC_C_LANGUAGE_STANDARD = gnu11;
				GCC_NO_COMMON_BLOCKS = YES;
				GCC_WARN_64_TO_32_BIT_CONVERSION = YES;
				GCC_WARN_ABOUT_RETURN_TYPE = YES_ERROR;
				GCC_WARN_UNDECLARED_SELECTOR = YES;
				GCC_WARN_UNINITIALIZED_AUTOS = YES_AGGRESSIVE;
				GCC_WARN_UNUSED_FUNCTION = YES;
				GCC_WARN_UNUSED_VARIABLE = YES;
				MTL_ENABLE_DEBUG_INFO = NO;
				MTL_FAST_MATH = YES;
				PRODUCT_NAME = "$(TARGET_NAME)";
				SWIFT_COMPILATION_MODE = wholemodule;
				SWIFT_OPTIMIZATION_LEVEL = "-O";
				SWIFT_VERSION = 5.0;
			};
			name = Release;
		};
		D5FC8B24F7B3FE26CB829114 /* Debug */ = {
			isa = XCBuildConfiguration;
			buildSettings = {
				ASSETCATALOG_COMPILER_APPICON_NAME = AppIcon;
				ASSETCATALOG_COMPILER_GLOBAL_ACCENT_COLOR_NAME = AccentColor;
				CLANG_ENABLE_OBJC_WEAK = NO;
				CODE_SIGN_STYLE = Automatic;
				DEVELOPMENT_TEAM = "";
				INFOPLIST_FILE = CRISIS/Supporting/Info.plist;
				IPHONEOS_DEPLOYMENT_TARGET = 17.0;
				LD_RUNPATH_SEARCH_PATHS = "$(inherited) @executable_path/Frameworks";
				PRODUCT_BUNDLE_IDENTIFIER = de.vibecode.crisis;
				SDKROOT = iphoneos;
				SWIFT_VERSION = 5.10;
				TARGETED_DEVICE_FAMILY = "1,2";
			};
			name = Debug;
		};
		EBDAF2446AFBD149530C9BF2 /* Debug */ = {
			isa = XCBuildConfiguration;
			buildSettings = {
				ALWAYS_SEARCH_USER_PATHS = NO;
				CLANG_ANALYZER_NONNULL = YES;
				CLANG_ANALYZER_NUMBER_OBJECT_CONVERSION = YES_AGGRESSIVE;
				CLANG_CXX_LANGUAGE_STANDARD = "gnu++14";
				CLANG_CXX_LIBRARY = "libc++";
				CLANG_ENABLE_MODULES = YES;
				CLANG_ENABLE_OBJC_ARC = YES;
				CLANG_ENABLE_OBJC_WEAK = YES;
				CLANG_WARN_BLOCK_CAPTURE_AUTORELEASING = YES;
				CLANG_WARN_BOOL_CONVERSION = YES;
				CLANG_WARN_COMMA = YES;
				CLANG_WARN_CONSTANT_CONVERSION = YES;
				CLANG_WARN_DEPRECATED_OBJC_IMPLEMENTATIONS = YES;
				CLANG_WARN_DIRECT_OBJC_ISA_USAGE = YES_ERROR;
				CLANG_WARN_DOCUMENTATION_COMMENTS = YES;
				CLANG_WARN_EMPTY_BODY = YES;
				CLANG_WARN_ENUM_CONVERSION = YES;
				CLANG_WARN_INFINITE_RECURSION = YES;
				CLANG_WARN_INT_CONVERSION = YES;
				CLANG_WARN_NON_LITERAL_NULL_CONVERSION = YES;
				CLANG_WARN_OBJC_IMPLICIT_RETAIN_SELF = YES;
				CLANG_WARN_OBJC_LITERAL_CONVERSION = YES;
				CLANG_WARN_OBJC_ROOT_CLASS = YES_ERROR;
				CLANG_WARN_QUOTED_INCLUDE_IN_FRAMEWORK_HEADER = YES;
				CLANG_WARN_RANGE_LOOP_ANALYSIS = YES;
				CLANG_WARN_STRICT_PROTOTYPES = YES;
				CLANG_WARN_SUSPICIOUS_MOVE = YES;
				CLANG_WARN_UNGUARDED_AVAILABILITY = YES_AGGRESSIVE;
				CLANG_WARN_UNREACHABLE_CODE = YES;
				CLANG_WARN__DUPLICATE_METHOD_MATCH = YES;
				COPY_PHASE_STRIP = NO;
				DEBUG_INFORMATION_FORMAT = dwarf;
				ENABLE_STRICT_OBJC_MSGSEND = YES;
				ENABLE_TESTABILITY = YES;
				GCC_C_LANGUAGE_STANDARD = gnu11;
				GCC_DYNAMIC_NO_PIC = NO;
				GCC_NO_COMMON_BLOCKS = YES;
				GCC_OPTIMIZATION_LEVEL = 0;
				GCC_PREPROCESSOR_DEFINITIONS = (
					"DEBUG=1",
					"$(inherited)",
				);
				GCC_WARN_64_TO_32_BIT_CONVERSION = YES;
				GCC_WARN_ABOUT_RETURN_TYPE = YES_ERROR;
				GCC_WARN_UNDECLARED_SELECTOR = YES;
				GCC_WARN_UNINITIALIZED_AUTOS = YES_AGGRESSIVE;
				GCC_WARN_UNUSED_FUNCTION = YES;
				GCC_WARN_UNUSED_VARIABLE = YES;
				MTL_ENABLE_DEBUG_INFO = INCLUDE_SOURCE;
				MTL_FAST_MATH = YES;
				ONLY_ACTIVE_ARCH = YES;
				PRODUCT_NAME = "$(TARGET_NAME)";
				SWIFT_ACTIVE_COMPILATION_CONDITIONS = DEBUG;
				SWIFT_OPTIMIZATION_LEVEL = "-Onone";
				SWIFT_VERSION = 5.0;
			};
			name = Debug;
		};
		E6B9829C2C9F5EFE00EFA8D4 /* Debug */ = {
			isa = XCBuildConfiguration;
			buildSettings = {
				BUNDLE_LOADER = "$(TEST_HOST)";
				CLANG_ENABLE_MODULES = YES;
				GENERATE_INFOPLIST_FILE = YES;
				IPHONEOS_DEPLOYMENT_TARGET = 17.0;
				LD_RUNPATH_SEARCH_PATHS = "$(inherited) @executable_path/Frameworks @loader_path/Frameworks";
				PRODUCT_BUNDLE_IDENTIFIER = de.vibecode.crisisTests;
				PRODUCT_NAME = "$(TARGET_NAME)";
				SUPPORTED_PLATFORMS = iphonesimulator;
				SWIFT_ACTIVE_COMPILATION_CONDITIONS = DEBUG;
				SWIFT_EMIT_LOC_STRINGS = NO;
				TARGETED_DEVICE_FAMILY = "1,2";
				TEST_HOST = "$(BUILT_PRODUCTS_DIR)/CRISIS.app/CRISIS";
			};
			name = Debug;
		};
		E6B9829D2C9F5EFE00EFA8D4 /* Release */ = {
			isa = XCBuildConfiguration;
			buildSettings = {
				BUNDLE_LOADER = "$(TEST_HOST)";
				CLANG_ENABLE_MODULES = YES;
				GENERATE_INFOPLIST_FILE = YES;
				IPHONEOS_DEPLOYMENT_TARGET = 17.0;
				LD_RUNPATH_SEARCH_PATHS = "$(inherited) @executable_path/Frameworks @loader_path/Frameworks";
				PRODUCT_BUNDLE_IDENTIFIER = de.vibecode.crisisTests;
				PRODUCT_NAME = "$(TARGET_NAME)";
				SUPPORTED_PLATFORMS = iphonesimulator;
				SWIFT_EMIT_LOC_STRINGS = NO;
				TARGETED_DEVICE_FAMILY = "1,2";
				TEST_HOST = "$(BUILT_PRODUCTS_DIR)/CRISIS.app/CRISIS";
			};
			name = Release;
		};
		F6800000000000000000000C /* Debug */ = {
			isa = XCBuildConfiguration;
			buildSettings = {
				BUNDLE_LOADER = "$(TEST_HOST)";
				CLANG_ENABLE_MODULES = YES;
				GENERATE_INFOPLIST_FILE = YES;
				IPHONEOS_DEPLOYMENT_TARGET = 17.0;
				LD_RUNPATH_SEARCH_PATHS = "$(inherited) @executable_path/Frameworks @loader_path/Frameworks";
				PRODUCT_BUNDLE_IDENTIFIER = de.vibecode.crisisPreviews;
				PRODUCT_NAME = "$(TARGET_NAME)";
				SUPPORTED_PLATFORMS = iphonesimulator;
				SWIFT_ACTIVE_COMPILATION_CONDITIONS = DEBUG;
				SWIFT_EMIT_LOC_STRINGS = NO;
				TARGETED_DEVICE_FAMILY = "1,2";
				TEST_HOST = "$(BUILT_PRODUCTS_DIR)/CRISIS.app/CRISIS";
			};
			name = Debug;
		};
		F6800000000000000000000D /* Release */ = {
			isa = XCBuildConfiguration;
			buildSettings = {
				BUNDLE_LOADER = "$(TEST_HOST)";
				CLANG_ENABLE_MODULES = YES;
				GENERATE_INFOPLIST_FILE = YES;
				IPHONEOS_DEPLOYMENT_TARGET = 17.0;
				LD_RUNPATH_SEARCH_PATHS = "$(inherited) @executable_path/Frameworks @loader_path/Frameworks";
				PRODUCT_BUNDLE_IDENTIFIER = de.vibecode.crisisPreviews;
				PRODUCT_NAME = "$(TARGET_NAME)";
				SUPPORTED_PLATFORMS = iphonesimulator;
				SWIFT_EMIT_LOC_STRINGS = NO;
				TARGETED_DEVICE_FAMILY = "1,2";
				TEST_HOST = "$(BUILT_PRODUCTS_DIR)/CRISIS.app/CRISIS";
			};
			name = Release;
		};
		F66300000000000000000001 /* Debug */ = {
			isa = XCBuildConfiguration;
			buildSettings = {
				BUNDLE_LOADER = "$(TEST_HOST)";
				CLANG_ENABLE_MODULES = YES;
				GENERATE_INFOPLIST_FILE = YES;
				LD_RUNPATH_SEARCH_PATHS = "$(inherited) @executable_path/../Frameworks @loader_path/../Frameworks";
				MACOSX_DEPLOYMENT_TARGET = 26.0;
				PRODUCT_BUNDLE_IDENTIFIER = de.vibecode.crisis.macosTests;
				PRODUCT_NAME = "$(TARGET_NAME)";
				SDKROOT = macosx;
				SUPPORTED_PLATFORMS = macosx;
				SWIFT_ACTIVE_COMPILATION_CONDITIONS = DEBUG;
				SWIFT_EMIT_LOC_STRINGS = NO;
				TEST_HOST = "$(BUILT_PRODUCTS_DIR)/CRISISTahoe.app/Contents/MacOS/CRISISTahoe";
			};
			name = Debug;
		};
		F66300000000000000000002 /* Release */ = {
			isa = XCBuildConfiguration;
			buildSettings = {
				BUNDLE_LOADER = "$(TEST_HOST)";
				CLANG_ENABLE_MODULES = YES;
				GENERATE_INFOPLIST_FILE = YES;
				LD_RUNPATH_SEARCH_PATHS = "$(inherited) @executable_path/../Frameworks @loader_path/../Frameworks";
				MACOSX_DEPLOYMENT_TARGET = 26.0;
				PRODUCT_BUNDLE_IDENTIFIER = de.vibecode.crisis.macosTests;
				PRODUCT_NAME = "$(TARGET_NAME)";
				SDKROOT = macosx;
				SUPPORTED_PLATFORMS = macosx;
				SWIFT_EMIT_LOC_STRINGS = NO;
				TEST_HOST = "$(BUILT_PRODUCTS_DIR)/CRISISTahoe.app/Contents/MacOS/CRISISTahoe";
			};
			name = Release;
		};
		F66300000000000000000003 /* Debug */ = {
			isa = XCBuildConfiguration;
			buildSettings = {
				BUNDLE_LOADER = "$(TEST_HOST)";
				CLANG_ENABLE_MODULES = YES;
				GENERATE_INFOPLIST_FILE = YES;
				LD_RUNPATH_SEARCH_PATHS = "$(inherited) @executable_path/Frameworks @loader_path/Frameworks";
				PRODUCT_BUNDLE_IDENTIFIER = de.vibecode.crisis.visionTests;
				PRODUCT_NAME = "$(TARGET_NAME)";
				SDKROOT = xros;
				SUPPORTED_PLATFORMS = "xros xros_simulator";
				SWIFT_ACTIVE_COMPILATION_CONDITIONS = DEBUG;
				SWIFT_EMIT_LOC_STRINGS = NO;
				TEST_HOST = "$(BUILT_PRODUCTS_DIR)/CRISISVision.app/CRISISVision";
				XROS_DEPLOYMENT_TARGET = 26.0;
			};
			name = Debug;
		};
		F66300000000000000000004 /* Release */ = {
			isa = XCBuildConfiguration;
			buildSettings = {
				BUNDLE_LOADER = "$(TEST_HOST)";
				CLANG_ENABLE_MODULES = YES;
				GENERATE_INFOPLIST_FILE = YES;
				LD_RUNPATH_SEARCH_PATHS = "$(inherited) @executable_path/Frameworks @loader_path/Frameworks";
				PRODUCT_BUNDLE_IDENTIFIER = de.vibecode.crisis.visionTests;
				PRODUCT_NAME = "$(TARGET_NAME)";
				SDKROOT = xros;
				SUPPORTED_PLATFORMS = "xros xros_simulator";
				SWIFT_EMIT_LOC_STRINGS = NO;
				TEST_HOST = "$(BUILT_PRODUCTS_DIR)/CRISISVision.app/CRISISVision";
				XROS_DEPLOYMENT_TARGET = 26.0;
			};
			name = Release;
		};
		F66300000000000000000005 /* Debug */ = {
			isa = XCBuildConfiguration;
			buildSettings = {
				BUNDLE_LOADER = "$(TEST_HOST)";
				CLANG_ENABLE_MODULES = YES;
				GENERATE_INFOPLIST_FILE = YES;
				LD_RUNPATH_SEARCH_PATHS = "$(inherited) @executable_path/Frameworks @loader_path/Frameworks";
				PRODUCT_BUNDLE_IDENTIFIER = de.vibecode.crisis.watchTests;
				PRODUCT_NAME = "$(TARGET_NAME)";
				SDKROOT = watchos;
				SUPPORTED_PLATFORMS = "watchos watchsimulator";
				SWIFT_ACTIVE_COMPILATION_CONDITIONS = DEBUG;
				SWIFT_EMIT_LOC_STRINGS = NO;
				TEST_HOST = "$(BUILT_PRODUCTS_DIR)/CRISISWatch.app/CRISISWatch";
				WATCHOS_DEPLOYMENT_TARGET = 26.0;
			};
			name = Debug;
		};
		F66300000000000000000006 /* Release */ = {
			isa = XCBuildConfiguration;
			buildSettings = {
				BUNDLE_LOADER = "$(TEST_HOST)";
				CLANG_ENABLE_MODULES = YES;
				GENERATE_INFOPLIST_FILE = YES;
				LD_RUNPATH_SEARCH_PATHS = "$(inherited) @executable_path/Frameworks @loader_path/Frameworks";
				PRODUCT_BUNDLE_IDENTIFIER = de.vibecode.crisis.watchTests;
				PRODUCT_NAME = "$(TARGET_NAME)";
				SDKROOT = watchos;
				SUPPORTED_PLATFORMS = "watchos watchsimulator";
				SWIFT_EMIT_LOC_STRINGS = NO;
				TEST_HOST = "$(BUILT_PRODUCTS_DIR)/CRISISWatch.app/CRISISWatch";
				WATCHOS_DEPLOYMENT_TARGET = 26.0;
			};
			name = Release;
		};
		F63100000000000000000001 /* Debug */ = {
			isa = XCBuildConfiguration;
			buildSettings = {
				ASSETCATALOG_COMPILER_APPICON_NAME = AppIcon;
				ASSETCATALOG_COMPILER_GLOBAL_ACCENT_COLOR_NAME = AccentColor;
				CODE_SIGN_STYLE = Automatic;
				DEVELOPMENT_TEAM = "";
				GENERATE_INFOPLIST_FILE = YES;
				INFOPLIST_KEY_CFBundleDisplayName = CRISIS;
				LD_RUNPATH_SEARCH_PATHS = "$(inherited) @executable_path/../Frameworks";
				MACOSX_DEPLOYMENT_TARGET = 26.0;
				PRODUCT_BUNDLE_IDENTIFIER = de.vibecode.crisis.macos;
				PRODUCT_NAME = CRISISTahoe;
				SDKROOT = macosx;
				SUPPORTED_PLATFORMS = macosx;
				SWIFT_VERSION = 5.10;
			};
			name = Debug;
		};
		F63100000000000000000002 /* Release */ = {
			isa = XCBuildConfiguration;
			buildSettings = {
				ASSETCATALOG_COMPILER_APPICON_NAME = AppIcon;
				ASSETCATALOG_COMPILER_GLOBAL_ACCENT_COLOR_NAME = AccentColor;
				CODE_SIGN_STYLE = Automatic;
				DEVELOPMENT_TEAM = "";
				GENERATE_INFOPLIST_FILE = YES;
				INFOPLIST_KEY_CFBundleDisplayName = CRISIS;
				LD_RUNPATH_SEARCH_PATHS = "$(inherited) @executable_path/../Frameworks";
				MACOSX_DEPLOYMENT_TARGET = 26.0;
				PRODUCT_BUNDLE_IDENTIFIER = de.vibecode.crisis.macos;
				PRODUCT_NAME = CRISISTahoe;
				SDKROOT = macosx;
				SUPPORTED_PLATFORMS = macosx;
				SWIFT_VERSION = 5.10;
				VALIDATE_PRODUCT = YES;
			};
			name = Release;
		};
		F63100000000000000000003 /* Debug */ = {
			isa = XCBuildConfiguration;
			buildSettings = {
				ASSETCATALOG_COMPILER_APPICON_NAME = AppIcon;
				ASSETCATALOG_COMPILER_GLOBAL_ACCENT_COLOR_NAME = AccentColor;
				CODE_SIGN_STYLE = Automatic;
				DEVELOPMENT_TEAM = "";
				GENERATE_INFOPLIST_FILE = YES;
				INFOPLIST_KEY_CFBundleDisplayName = CRISIS;
				LD_RUNPATH_SEARCH_PATHS = "$(inherited) @executable_path/Frameworks";
				PRODUCT_BUNDLE_IDENTIFIER = de.vibecode.crisis.vision;
				PRODUCT_NAME = CRISISVision;
				SDKROOT = xros;
				SUPPORTED_PLATFORMS = "xros xros_simulator";
				SWIFT_VERSION = 5.10;
				XROS_DEPLOYMENT_TARGET = 26.0;
			};
			name = Debug;
		};
		F63100000000000000000004 /* Release */ = {
			isa = XCBuildConfiguration;
			buildSettings = {
				ASSETCATALOG_COMPILER_APPICON_NAME = AppIcon;
				ASSETCATALOG_COMPILER_GLOBAL_ACCENT_COLOR_NAME = AccentColor;
				CODE_SIGN_STYLE = Automatic;
				DEVELOPMENT_TEAM = "";
				GENERATE_INFOPLIST_FILE = YES;
				INFOPLIST_KEY_CFBundleDisplayName = CRISIS;
				LD_RUNPATH_SEARCH_PATHS = "$(inherited) @executable_path/Frameworks";
				PRODUCT_BUNDLE_IDENTIFIER = de.vibecode.crisis.vision;
				PRODUCT_NAME = CRISISVision;
				SDKROOT = xros;
				SUPPORTED_PLATFORMS = "xros xros_simulator";
				SWIFT_VERSION = 5.10;
				VALIDATE_PRODUCT = YES;
				XROS_DEPLOYMENT_TARGET = 26.0;
			};
			name = Release;
		};
		F63100000000000000000005 /* Debug */ = {
			isa = XCBuildConfiguration;
			buildSettings = {
				ASSETCATALOG_COMPILER_APPICON_NAME = AppIcon;
				ASSETCATALOG_COMPILER_GLOBAL_ACCENT_COLOR_NAME = AccentColor;
				CODE_SIGN_STYLE = Automatic;
				DEVELOPMENT_TEAM = "";
				GENERATE_INFOPLIST_FILE = YES;
				INFOPLIST_KEY_CFBundleDisplayName = CRISIS;
				LD_RUNPATH_SEARCH_PATHS = "$(inherited) @executable_path/Frameworks";
				PRODUCT_BUNDLE_IDENTIFIER = de.vibecode.crisis.watch;
				PRODUCT_NAME = CRISISWatch;
				SDKROOT = watchos;
				SUPPORTED_PLATFORMS = "watchos watchsimulator";
				SWIFT_VERSION = 5.10;
				WATCHOS_DEPLOYMENT_TARGET = 26.0;
			};
			name = Debug;
		};
		F63100000000000000000006 /* Release */ = {
			isa = XCBuildConfiguration;
			buildSettings = {
				ASSETCATALOG_COMPILER_APPICON_NAME = AppIcon;
				ASSETCATALOG_COMPILER_GLOBAL_ACCENT_COLOR_NAME = AccentColor;
				CODE_SIGN_STYLE = Automatic;
				DEVELOPMENT_TEAM = "";
				GENERATE_INFOPLIST_FILE = YES;
				INFOPLIST_KEY_CFBundleDisplayName = CRISIS;
				LD_RUNPATH_SEARCH_PATHS = "$(inherited) @executable_path/Frameworks";
				PRODUCT_BUNDLE_IDENTIFIER = de.vibecode.crisis.watch;
				PRODUCT_NAME = CRISISWatch;
				SDKROOT = watchos;
				SUPPORTED_PLATFORMS = "watchos watchsimulator";
				SWIFT_VERSION = 5.10;
				VALIDATE_PRODUCT = YES;
				WATCHOS_DEPLOYMENT_TARGET = 26.0;
			};
			name = Release;
		};
/* End XCBuildConfiguration section */

/* Begin XCConfigurationList section */
		270556A8E9838DC2A4A777FA /* Build configuration list for PBXProject "CRISIS" */ = {
			isa = XCConfigurationList;
			buildConfigurations = (
				EBDAF2446AFBD149530C9BF2 /* Debug */,
				C937454591909E00BA3361D9 /* Release */,
			);
			defaultConfigurationIsVisible = 0;
			defaultConfigurationName = Release;
		};
		BAA648609B9BD763F624E397 /* Build configuration list for PBXNativeTarget "CRISIS" */ = {
			isa = XCConfigurationList;
			buildConfigurations = (
				6DF40A1A15928E2ADDD9EF13 /* Release */,
				D5FC8B24F7B3FE26CB829114 /* Debug */,
			);
			defaultConfigurationIsVisible = 0;
			defaultConfigurationName = Release;
		};
		F63000000000000000000001 /* Build configuration list for PBXNativeTarget "CRISISTahoe" */ = {
			isa = XCConfigurationList;
			buildConfigurations = (
				F63100000000000000000001 /* Debug */,
				F63100000000000000000002 /* Release */,
			);
			defaultConfigurationIsVisible = 0;
			defaultConfigurationName = Release;
		};
		F63000000000000000000002 /* Build configuration list for PBXNativeTarget "CRISISVision" */ = {
			isa = XCConfigurationList;
			buildConfigurations = (
				F63100000000000000000003 /* Debug */,
				F63100000000000000000004 /* Release */,
			);
			defaultConfigurationIsVisible = 0;
			defaultConfigurationName = Release;
		};
		F63000000000000000000003 /* Build configuration list for PBXNativeTarget "CRISISWatch" */ = {
			isa = XCConfigurationList;
			buildConfigurations = (
				F63100000000000000000005 /* Debug */,
				F63100000000000000000006 /* Release */,
			);
			defaultConfigurationIsVisible = 0;
			defaultConfigurationName = Release;
		};
		F66200000000000000000001 /* Build configuration list for PBXNativeTarget "CRISISTahoeTests" */ = {
			isa = XCConfigurationList;
			buildConfigurations = (
				F66300000000000000000001 /* Debug */,
				F66300000000000000000002 /* Release */,
			);
			defaultConfigurationIsVisible = 0;
			defaultConfigurationName = Release;
		};
		F66200000000000000000002 /* Build configuration list for PBXNativeTarget "CRISISVisionTests" */ = {
			isa = XCConfigurationList;
			buildConfigurations = (
				F66300000000000000000003 /* Debug */,
				F66300000000000000000004 /* Release */,
			);
			defaultConfigurationIsVisible = 0;
			defaultConfigurationName = Release;
		};
		F66200000000000000000003 /* Build configuration list for PBXNativeTarget "CRISISWatchTests" */ = {
			isa = XCConfigurationList;
			buildConfigurations = (
				F66300000000000000000005 /* Debug */,
				F66300000000000000000006 /* Release */,
			);
			defaultConfigurationIsVisible = 0;
			defaultConfigurationName = Release;
		};
		F6800000000000000000000B /* Build configuration list for PBXNativeTarget "CRISISPreviews" */ = {
			isa = XCConfigurationList;
			buildConfigurations = (
				F6800000000000000000000C /* Debug */,
				F6800000000000000000000D /* Release */,
			);
			defaultConfigurationIsVisible = 0;
			defaultConfigurationName = Release;
		};
		E6B9829B2C9F5EFE00EFA8D4 /* Build configuration list for PBXNativeTarget "CRISISTests" */ = {
			isa = XCConfigurationList;
			buildConfigurations = (
				E6B9829C2C9F5EFE00EFA8D4 /* Debug */,
				E6B9829D2C9F5EFE00EFA8D4 /* Release */,
			);
			defaultConfigurationIsVisible = 0;
			defaultConfigurationName = Release;
		};
/* End XCConfigurationList section */
	};
	rootObject = A7072653FA7D019007BD0FE5 /* Project object */;
}

